// !$*UTF8*$!
{
	archiveVersion = 1;
	classes = {
	};
	objectVersion = 50;
	objects = {

/* Begin PBXBuildFile section */
		4958D050224D42A600C8210D /* CocoaLumberjackSwift.framework in Embed Frameworks */ = {isa = PBXBuildFile; fileRef = 49CC1798224D41D100FF6540 /* CocoaLumberjackSwift.framework */; settings = {ATTRIBUTES = (CodeSignOnCopy, RemoveHeadersOnCopy, ); }; };
		4958D052224D435B00C8210D /* CocoaLumberjack.framework in Frameworks */ = {isa = PBXBuildFile; fileRef = 4958D051224D435B00C8210D /* CocoaLumberjack.framework */; };
		4958D053224D436500C8210D /* CocoaLumberjack.framework in Embed Frameworks */ = {isa = PBXBuildFile; fileRef = 4958D051224D435B00C8210D /* CocoaLumberjack.framework */; settings = {ATTRIBUTES = (CodeSignOnCopy, RemoveHeadersOnCopy, ); }; };
		4958D056224DB86500C8210D /* DIFactory.swift in Sources */ = {isa = PBXBuildFile; fileRef = 4958D055224DB86500C8210D /* DIFactory.swift */; };
		495DA02E2249B01A00601C80 /* PUKit.framework in Frameworks */ = {isa = PBXBuildFile; fileRef = 495DA0242249B01A00601C80 /* PUKit.framework */; };
		495DA0332249B01A00601C80 /* PUKitTests.swift in Sources */ = {isa = PBXBuildFile; fileRef = 495DA0322249B01A00601C80 /* PUKitTests.swift */; };
		495DA0352249B01A00601C80 /* PUKit.h in Headers */ = {isa = PBXBuildFile; fileRef = 495DA0272249B01A00601C80 /* PUKit.h */; settings = {ATTRIBUTES = (Public, ); }; };
		495DA0452249B05500601C80 /* AppDelegate.swift in Sources */ = {isa = PBXBuildFile; fileRef = 495DA0442249B05500601C80 /* AppDelegate.swift */; };
		495DA0472249B05600601C80 /* Assets.xcassets in Resources */ = {isa = PBXBuildFile; fileRef = 495DA0462249B05600601C80 /* Assets.xcassets */; };
		495DA04A2249B05600601C80 /* MainMenu.xib in Resources */ = {isa = PBXBuildFile; fileRef = 495DA0482249B05600601C80 /* MainMenu.xib */; };
		495DA0562249B05600601C80 /* PUKDemoTests.swift in Sources */ = {isa = PBXBuildFile; fileRef = 495DA0552249B05600601C80 /* PUKDemoTests.swift */; };
		495DA0612249B05600601C80 /* PUKDemoUITests.swift in Sources */ = {isa = PBXBuildFile; fileRef = 495DA0602249B05600601C80 /* PUKDemoUITests.swift */; };
		495DA07C2249B1DB00601C80 /* DemoUIProtocols.framework in Frameworks */ = {isa = PBXBuildFile; fileRef = 495DA0732249B1DA00601C80 /* DemoUIProtocols.framework */; };
		495DA0832249B1DB00601C80 /* DemoUIProtocolsTests.swift in Sources */ = {isa = PBXBuildFile; fileRef = 495DA0822249B1DB00601C80 /* DemoUIProtocolsTests.swift */; };
		495DA0852249B1DB00601C80 /* DemoUIProtocols.h in Headers */ = {isa = PBXBuildFile; fileRef = 495DA0752249B1DA00601C80 /* DemoUIProtocols.h */; settings = {ATTRIBUTES = (Public, ); }; };
		495DA0882249B1DB00601C80 /* DemoUIProtocols.framework in Frameworks */ = {isa = PBXBuildFile; fileRef = 495DA0732249B1DA00601C80 /* DemoUIProtocols.framework */; };
		495DA0892249B1DB00601C80 /* DemoUIProtocols.framework in Embed Frameworks */ = {isa = PBXBuildFile; fileRef = 495DA0732249B1DA00601C80 /* DemoUIProtocols.framework */; settings = {ATTRIBUTES = (CodeSignOnCopy, RemoveHeadersOnCopy, ); }; };
		495DA0992249B2D400601C80 /* PUKEventProtocol.swift in Sources */ = {isa = PBXBuildFile; fileRef = 495DA0982249B2D400601C80 /* PUKEventProtocol.swift */; };
		495DA09B2249B2FB00601C80 /* PUKAnimationProtocol.swift in Sources */ = {isa = PBXBuildFile; fileRef = 495DA09A2249B2FB00601C80 /* PUKAnimationProtocol.swift */; };
		495DA09D2249B31800601C80 /* PUKLayoutProtocol.swift in Sources */ = {isa = PBXBuildFile; fileRef = 495DA09C2249B31800601C80 /* PUKLayoutProtocol.swift */; };
		495DA0AC2249DBA200601C80 /* RootLogViewerProtocol.swift in Sources */ = {isa = PBXBuildFile; fileRef = 495DA0A92249DBA200601C80 /* RootLogViewerProtocol.swift */; };
		495DA0B02249E6B300601C80 /* NavigationPaneProtocol.swift in Sources */ = {isa = PBXBuildFile; fileRef = 495DA0AD2249E6B300601C80 /* NavigationPaneProtocol.swift */; };
		495DA0B42249E7CD00601C80 /* ViewerCanvasProtocol.swift in Sources */ = {isa = PBXBuildFile; fileRef = 495DA0B12249E7CD00601C80 /* ViewerCanvasProtocol.swift */; };
		49763FC5224AD06600BDF85A /* DemoUIImpl.framework in Frameworks */ = {isa = PBXBuildFile; fileRef = 49763FBC224AD06600BDF85A /* DemoUIImpl.framework */; };
		49763FCC224AD06600BDF85A /* DemoUIImplTests.swift in Sources */ = {isa = PBXBuildFile; fileRef = 49763FCB224AD06600BDF85A /* DemoUIImplTests.swift */; };
		49763FCE224AD06600BDF85A /* DemoUIImpl.h in Headers */ = {isa = PBXBuildFile; fileRef = 49763FBE224AD06600BDF85A /* DemoUIImpl.h */; settings = {ATTRIBUTES = (Public, ); }; };
		49763FD1224AD06600BDF85A /* DemoUIImpl.framework in Frameworks */ = {isa = PBXBuildFile; fileRef = 49763FBC224AD06600BDF85A /* DemoUIImpl.framework */; };
		49763FD2224AD06600BDF85A /* DemoUIImpl.framework in Embed Frameworks */ = {isa = PBXBuildFile; fileRef = 49763FBC224AD06600BDF85A /* DemoUIImpl.framework */; settings = {ATTRIBUTES = (CodeSignOnCopy, RemoveHeadersOnCopy, ); }; };
		49763FD9224AD07600BDF85A /* RootSupervisorVC.swift in Sources */ = {isa = PBXBuildFile; fileRef = 495DA09F2249B55200601C80 /* RootSupervisorVC.swift */; };
		49763FDC224AD0FA00BDF85A /* NavigationSupervisorVC.swift in Sources */ = {isa = PBXBuildFile; fileRef = 49763FDB224AD0FA00BDF85A /* NavigationSupervisorVC.swift */; };
		49763FDE224AD90C00BDF85A /* ViewerCanvasSupervisorVC.swift in Sources */ = {isa = PBXBuildFile; fileRef = 49763FDD224AD90C00BDF85A /* ViewerCanvasSupervisorVC.swift */; };
		49763FE1224AD9EE00BDF85A /* SimpleRectView.swift in Sources */ = {isa = PBXBuildFile; fileRef = 49763FE0224AD9EE00BDF85A /* SimpleRectView.swift */; };
		49763FE3224AFBBD00BDF85A /* ViewerCanvasView.swift in Sources */ = {isa = PBXBuildFile; fileRef = 49763FE2224AFBBD00BDF85A /* ViewerCanvasView.swift */; };
		49763FE5224B124700BDF85A /* ViewerCanvasElementProtocol.swift in Sources */ = {isa = PBXBuildFile; fileRef = 49763FE4224B124700BDF85A /* ViewerCanvasElementProtocol.swift */; };
		49763FE7224B1CA100BDF85A /* CanvasMode.swift in Sources */ = {isa = PBXBuildFile; fileRef = 49763FE6224B1CA100BDF85A /* CanvasMode.swift */; };
		49763FE9224B212100BDF85A /* NavigationPaneElementProtocol.swift in Sources */ = {isa = PBXBuildFile; fileRef = 49763FE8224B212100BDF85A /* NavigationPaneElementProtocol.swift */; };
		49763FEC224B30DD00BDF85A /* NavigationItemVC.swift in Sources */ = {isa = PBXBuildFile; fileRef = 49763FEB224B30DD00BDF85A /* NavigationItemVC.swift */; };
		49CC1746224B47C700FF6540 /* DemoUIProtocols.framework in Frameworks */ = {isa = PBXBuildFile; fileRef = 495DA0732249B1DA00601C80 /* DemoUIProtocols.framework */; };
		49CC1755224BE7C600FF6540 /* DemoCoreImpl.framework in Frameworks */ = {isa = PBXBuildFile; fileRef = 49CC174C224BE7C500FF6540 /* DemoCoreImpl.framework */; };
		49CC175A224BE7C600FF6540 /* DemoCoreImplTests.swift in Sources */ = {isa = PBXBuildFile; fileRef = 49CC1759224BE7C600FF6540 /* DemoCoreImplTests.swift */; };
		49CC175C224BE7C600FF6540 /* DemoCoreImpl.h in Headers */ = {isa = PBXBuildFile; fileRef = 49CC174E224BE7C500FF6540 /* DemoCoreImpl.h */; settings = {ATTRIBUTES = (Public, ); }; };
		49CC1765224BEC6400FF6540 /* SimpleDemoDatasource.swift in Sources */ = {isa = PBXBuildFile; fileRef = 49CC1764224BEC6400FF6540 /* SimpleDemoDatasource.swift */; };
		49CC1767224BEC8800FF6540 /* SimpleDataEntity.swift in Sources */ = {isa = PBXBuildFile; fileRef = 49CC1766224BEC8800FF6540 /* SimpleDataEntity.swift */; };
		49CC1768224C294E00FF6540 /* DemoCoreImpl.framework in Frameworks */ = {isa = PBXBuildFile; fileRef = 49CC174C224BE7C500FF6540 /* DemoCoreImpl.framework */; };
		49CC176A224C30DD00FF6540 /* CanvasElement.swift in Sources */ = {isa = PBXBuildFile; fileRef = 49CC1769224C30DD00FF6540 /* CanvasElement.swift */; };
		49CC177E224CA22400FF6540 /* DemoReplacementUIImplTests.swift in Sources */ = {isa = PBXBuildFile; fileRef = 49CC177D224CA22400FF6540 /* DemoReplacementUIImplTests.swift */; };
		49CC1780224CA22400FF6540 /* DemoReplacementUIImpl.h in Headers */ = {isa = PBXBuildFile; fileRef = 49CC1772224CA22400FF6540 /* DemoReplacementUIImpl.h */; settings = {ATTRIBUTES = (Public, ); }; };
		49CC1787224CA24D00FF6540 /* DemoCoreImpl.framework in Frameworks */ = {isa = PBXBuildFile; fileRef = 49CC174C224BE7C500FF6540 /* DemoCoreImpl.framework */; };
		49CC178A224CA2AA00FF6540 /* AlternateCanvasElement.swift in Sources */ = {isa = PBXBuildFile; fileRef = 49CC1789224CA2AA00FF6540 /* AlternateCanvasElement.swift */; };
		49CC178B224CA35600FF6540 /* DemoCoreImpl.framework in Frameworks */ = {isa = PBXBuildFile; fileRef = 49CC174C224BE7C500FF6540 /* DemoCoreImpl.framework */; };
		49CC178C224CA35600FF6540 /* DemoUIProtocols.framework in Frameworks */ = {isa = PBXBuildFile; fileRef = 495DA0732249B1DA00601C80 /* DemoUIProtocols.framework */; };
		49CC178D224CA35600FF6540 /* PUKit.framework in Frameworks */ = {isa = PBXBuildFile; fileRef = 495DA0242249B01A00601C80 /* PUKit.framework */; };
		49CC178E224CA3FF00FF6540 /* DemoReplacementUIImpl.framework in Frameworks */ = {isa = PBXBuildFile; fileRef = 49CC1770224CA22400FF6540 /* DemoReplacementUIImpl.framework */; };
		49CC1799224D41D100FF6540 /* CocoaLumberjackSwift.framework in Frameworks */ = {isa = PBXBuildFile; fileRef = 49CC1798224D41D100FF6540 /* CocoaLumberjackSwift.framework */; };
		49CC179A224D41D100FF6540 /* CocoaLumberjackSwift.framework in Frameworks */ = {isa = PBXBuildFile; fileRef = 49CC1798224D41D100FF6540 /* CocoaLumberjackSwift.framework */; };
/* End PBXBuildFile section */

/* Begin PBXContainerItemProxy section */
		495DA02F2249B01A00601C80 /* PBXContainerItemProxy */ = {
			isa = PBXContainerItemProxy;
			containerPortal = 495DA01B2249B01A00601C80 /* Project object */;
			proxyType = 1;
			remoteGlobalIDString = 495DA0232249B01A00601C80;
			remoteInfo = PUKit;
		};
		495DA0522249B05600601C80 /* PBXContainerItemProxy */ = {
			isa = PBXContainerItemProxy;
			containerPortal = 495DA01B2249B01A00601C80 /* Project object */;
			proxyType = 1;
			remoteGlobalIDString = 495DA0412249B05500601C80;
			remoteInfo = PUKDemo;
		};
		495DA05D2249B05600601C80 /* PBXContainerItemProxy */ = {
			isa = PBXContainerItemProxy;
			containerPortal = 495DA01B2249B01A00601C80 /* Project object */;
			proxyType = 1;
			remoteGlobalIDString = 495DA0412249B05500601C80;
			remoteInfo = PUKDemo;
		};
		495DA06C2249B09100601C80 /* PBXContainerItemProxy */ = {
			isa = PBXContainerItemProxy;
			containerPortal = 495DA01B2249B01A00601C80 /* Project object */;
			proxyType = 1;
			remoteGlobalIDString = 495DA0232249B01A00601C80;
			remoteInfo = PUKit;
		};
		495DA0862249B1DB00601C80 /* PBXContainerItemProxy */ = {
			isa = PBXContainerItemProxy;
			containerPortal = 495DA01B2249B01A00601C80 /* Project object */;
			proxyType = 1;
			remoteGlobalIDString = 495DA0722249B1DA00601C80;
			remoteInfo = DemoUIProtocols;
		};
		495DA0912249B1F800601C80 /* PBXContainerItemProxy */ = {
			isa = PBXContainerItemProxy;
			containerPortal = 495DA01B2249B01A00601C80 /* Project object */;
			proxyType = 1;
			remoteGlobalIDString = 495DA0722249B1DA00601C80;
			remoteInfo = DemoUIProtocols;
		};
		495DA0932249B20500601C80 /* PBXContainerItemProxy */ = {
			isa = PBXContainerItemProxy;
			containerPortal = 495DA01B2249B01A00601C80 /* Project object */;
			proxyType = 1;
			remoteGlobalIDString = 495DA0232249B01A00601C80;
			remoteInfo = PUKit;
		};
		495DA0952249B27300601C80 /* PBXContainerItemProxy */ = {
			isa = PBXContainerItemProxy;
			containerPortal = 495DA01B2249B01A00601C80 /* Project object */;
			proxyType = 1;
			remoteGlobalIDString = 495DA0232249B01A00601C80;
			remoteInfo = PUKit;
		};
		49763FC6224AD06600BDF85A /* PBXContainerItemProxy */ = {
			isa = PBXContainerItemProxy;
			containerPortal = 495DA01B2249B01A00601C80 /* Project object */;
			proxyType = 1;
			remoteGlobalIDString = 49763FBB224AD06600BDF85A;
			remoteInfo = DemoUIImpl;
		};
		49763FC8224AD06600BDF85A /* PBXContainerItemProxy */ = {
			isa = PBXContainerItemProxy;
			containerPortal = 495DA01B2249B01A00601C80 /* Project object */;
			proxyType = 1;
			remoteGlobalIDString = 495DA0412249B05500601C80;
			remoteInfo = PUKDemo;
		};
		49763FCF224AD06600BDF85A /* PBXContainerItemProxy */ = {
			isa = PBXContainerItemProxy;
			containerPortal = 495DA01B2249B01A00601C80 /* Project object */;
			proxyType = 1;
			remoteGlobalIDString = 49763FBB224AD06600BDF85A;
			remoteInfo = DemoUIImpl;
		};
		49CC1756224BE7C600FF6540 /* PBXContainerItemProxy */ = {
			isa = PBXContainerItemProxy;
			containerPortal = 495DA01B2249B01A00601C80 /* Project object */;
			proxyType = 1;
			remoteGlobalIDString = 49CC174B224BE7C500FF6540;
			remoteInfo = DemoCoreImpl;
		};
		49CC177A224CA22400FF6540 /* PBXContainerItemProxy */ = {
			isa = PBXContainerItemProxy;
			containerPortal = 495DA01B2249B01A00601C80 /* Project object */;
			proxyType = 1;
			remoteGlobalIDString = 49CC176F224CA22400FF6540;
			remoteInfo = DemoReplacementUIImpl;
		};
		49CC178F224CA58F00FF6540 /* PBXContainerItemProxy */ = {
			isa = PBXContainerItemProxy;
			containerPortal = 495DA01B2249B01A00601C80 /* Project object */;
			proxyType = 1;
			remoteGlobalIDString = 49CC176F224CA22400FF6540;
			remoteInfo = DemoReplacementUIImpl;
		};
/* End PBXContainerItemProxy section */

/* Begin PBXCopyFilesBuildPhase section */
		495DA08D2249B1DB00601C80 /* Embed Frameworks */ = {
			isa = PBXCopyFilesBuildPhase;
			buildActionMask = 2147483647;
			dstPath = "";
			dstSubfolderSpec = 10;
			files = (
				4958D053224D436500C8210D /* CocoaLumberjack.framework in Embed Frameworks */,
				4958D050224D42A600C8210D /* CocoaLumberjackSwift.framework in Embed Frameworks */,
				495DA0892249B1DB00601C80 /* DemoUIProtocols.framework in Embed Frameworks */,
				49763FD2224AD06600BDF85A /* DemoUIImpl.framework in Embed Frameworks */,
			);
			name = "Embed Frameworks";
			runOnlyForDeploymentPostprocessing = 0;
		};
/* End PBXCopyFilesBuildPhase section */

/* Begin PBXFileReference section */
		4958D051224D435B00C8210D /* CocoaLumberjack.framework */ = {isa = PBXFileReference; lastKnownFileType = wrapper.framework; path = CocoaLumberjack.framework; sourceTree = "<group>"; };
		4958D055224DB86500C8210D /* DIFactory.swift */ = {isa = PBXFileReference; lastKnownFileType = sourcecode.swift; path = DIFactory.swift; sourceTree = "<group>"; };
		495DA0242249B01A00601C80 /* PUKit.framework */ = {isa = PBXFileReference; explicitFileType = wrapper.framework; includeInIndex = 0; path = PUKit.framework; sourceTree = BUILT_PRODUCTS_DIR; };
		495DA0272249B01A00601C80 /* PUKit.h */ = {isa = PBXFileReference; lastKnownFileType = sourcecode.c.h; path = PUKit.h; sourceTree = "<group>"; };
		495DA0282249B01A00601C80 /* Info.plist */ = {isa = PBXFileReference; lastKnownFileType = text.plist.xml; path = Info.plist; sourceTree = "<group>"; };
		495DA02D2249B01A00601C80 /* PUKitTests.xctest */ = {isa = PBXFileReference; explicitFileType = wrapper.cfbundle; includeInIndex = 0; path = PUKitTests.xctest; sourceTree = BUILT_PRODUCTS_DIR; };
		495DA0322249B01A00601C80 /* PUKitTests.swift */ = {isa = PBXFileReference; lastKnownFileType = sourcecode.swift; path = PUKitTests.swift; sourceTree = "<group>"; };
		495DA0342249B01A00601C80 /* Info.plist */ = {isa = PBXFileReference; lastKnownFileType = text.plist.xml; path = Info.plist; sourceTree = "<group>"; };
		495DA0422249B05500601C80 /* PUKDemo.app */ = {isa = PBXFileReference; explicitFileType = wrapper.application; includeInIndex = 0; path = PUKDemo.app; sourceTree = BUILT_PRODUCTS_DIR; };
		495DA0442249B05500601C80 /* AppDelegate.swift */ = {isa = PBXFileReference; lastKnownFileType = sourcecode.swift; path = AppDelegate.swift; sourceTree = "<group>"; };
		495DA0462249B05600601C80 /* Assets.xcassets */ = {isa = PBXFileReference; lastKnownFileType = folder.assetcatalog; path = Assets.xcassets; sourceTree = "<group>"; };
		495DA0492249B05600601C80 /* Base */ = {isa = PBXFileReference; lastKnownFileType = file.xib; name = Base; path = Base.lproj/MainMenu.xib; sourceTree = "<group>"; };
		495DA04B2249B05600601C80 /* Info.plist */ = {isa = PBXFileReference; lastKnownFileType = text.plist.xml; path = Info.plist; sourceTree = "<group>"; };
		495DA04C2249B05600601C80 /* PUKDemo.entitlements */ = {isa = PBXFileReference; lastKnownFileType = text.plist.entitlements; path = PUKDemo.entitlements; sourceTree = "<group>"; };
		495DA0512249B05600601C80 /* PUKDemoTests.xctest */ = {isa = PBXFileReference; explicitFileType = wrapper.cfbundle; includeInIndex = 0; path = PUKDemoTests.xctest; sourceTree = BUILT_PRODUCTS_DIR; };
		495DA0552249B05600601C80 /* PUKDemoTests.swift */ = {isa = PBXFileReference; lastKnownFileType = sourcecode.swift; path = PUKDemoTests.swift; sourceTree = "<group>"; };
		495DA0572249B05600601C80 /* Info.plist */ = {isa = PBXFileReference; lastKnownFileType = text.plist.xml; path = Info.plist; sourceTree = "<group>"; };
		495DA05C2249B05600601C80 /* PUKDemoUITests.xctest */ = {isa = PBXFileReference; explicitFileType = wrapper.cfbundle; includeInIndex = 0; path = PUKDemoUITests.xctest; sourceTree = BUILT_PRODUCTS_DIR; };
		495DA0602249B05600601C80 /* PUKDemoUITests.swift */ = {isa = PBXFileReference; lastKnownFileType = sourcecode.swift; path = PUKDemoUITests.swift; sourceTree = "<group>"; };
		495DA0622249B05600601C80 /* Info.plist */ = {isa = PBXFileReference; lastKnownFileType = text.plist.xml; path = Info.plist; sourceTree = "<group>"; };
		495DA0732249B1DA00601C80 /* DemoUIProtocols.framework */ = {isa = PBXFileReference; explicitFileType = wrapper.framework; includeInIndex = 0; path = DemoUIProtocols.framework; sourceTree = BUILT_PRODUCTS_DIR; };
		495DA0752249B1DA00601C80 /* DemoUIProtocols.h */ = {isa = PBXFileReference; lastKnownFileType = sourcecode.c.h; path = DemoUIProtocols.h; sourceTree = "<group>"; };
		495DA0762249B1DA00601C80 /* Info.plist */ = {isa = PBXFileReference; lastKnownFileType = text.plist.xml; path = Info.plist; sourceTree = "<group>"; };
		495DA07B2249B1DB00601C80 /* DemoUIProtocolsTests.xctest */ = {isa = PBXFileReference; explicitFileType = wrapper.cfbundle; includeInIndex = 0; path = DemoUIProtocolsTests.xctest; sourceTree = BUILT_PRODUCTS_DIR; };
		495DA0822249B1DB00601C80 /* DemoUIProtocolsTests.swift */ = {isa = PBXFileReference; lastKnownFileType = sourcecode.swift; path = DemoUIProtocolsTests.swift; sourceTree = "<group>"; };
		495DA0842249B1DB00601C80 /* Info.plist */ = {isa = PBXFileReference; lastKnownFileType = text.plist.xml; path = Info.plist; sourceTree = "<group>"; };
		495DA0982249B2D400601C80 /* PUKEventProtocol.swift */ = {isa = PBXFileReference; lastKnownFileType = sourcecode.swift; path = PUKEventProtocol.swift; sourceTree = "<group>"; };
		495DA09A2249B2FB00601C80 /* PUKAnimationProtocol.swift */ = {isa = PBXFileReference; lastKnownFileType = sourcecode.swift; path = PUKAnimationProtocol.swift; sourceTree = "<group>"; };
		495DA09C2249B31800601C80 /* PUKLayoutProtocol.swift */ = {isa = PBXFileReference; lastKnownFileType = sourcecode.swift; path = PUKLayoutProtocol.swift; sourceTree = "<group>"; };
		495DA09F2249B55200601C80 /* RootSupervisorVC.swift */ = {isa = PBXFileReference; lastKnownFileType = sourcecode.swift; path = RootSupervisorVC.swift; sourceTree = "<group>"; };
		495DA0A92249DBA200601C80 /* RootLogViewerProtocol.swift */ = {isa = PBXFileReference; lastKnownFileType = sourcecode.swift; path = RootLogViewerProtocol.swift; sourceTree = "<group>"; };
		495DA0AD2249E6B300601C80 /* NavigationPaneProtocol.swift */ = {isa = PBXFileReference; lastKnownFileType = sourcecode.swift; path = NavigationPaneProtocol.swift; sourceTree = "<group>"; };
		495DA0B12249E7CD00601C80 /* ViewerCanvasProtocol.swift */ = {isa = PBXFileReference; lastKnownFileType = sourcecode.swift; path = ViewerCanvasProtocol.swift; sourceTree = "<group>"; };
		49763FBC224AD06600BDF85A /* DemoUIImpl.framework */ = {isa = PBXFileReference; explicitFileType = wrapper.framework; includeInIndex = 0; path = DemoUIImpl.framework; sourceTree = BUILT_PRODUCTS_DIR; };
		49763FBE224AD06600BDF85A /* DemoUIImpl.h */ = {isa = PBXFileReference; lastKnownFileType = sourcecode.c.h; path = DemoUIImpl.h; sourceTree = "<group>"; };
		49763FBF224AD06600BDF85A /* Info.plist */ = {isa = PBXFileReference; lastKnownFileType = text.plist.xml; path = Info.plist; sourceTree = "<group>"; };
		49763FC4224AD06600BDF85A /* DemoUIImplTests.xctest */ = {isa = PBXFileReference; explicitFileType = wrapper.cfbundle; includeInIndex = 0; path = DemoUIImplTests.xctest; sourceTree = BUILT_PRODUCTS_DIR; };
		49763FCB224AD06600BDF85A /* DemoUIImplTests.swift */ = {isa = PBXFileReference; lastKnownFileType = sourcecode.swift; path = DemoUIImplTests.swift; sourceTree = "<group>"; };
		49763FCD224AD06600BDF85A /* Info.plist */ = {isa = PBXFileReference; lastKnownFileType = text.plist.xml; path = Info.plist; sourceTree = "<group>"; };
		49763FDB224AD0FA00BDF85A /* NavigationSupervisorVC.swift */ = {isa = PBXFileReference; lastKnownFileType = sourcecode.swift; path = NavigationSupervisorVC.swift; sourceTree = "<group>"; };
		49763FDD224AD90C00BDF85A /* ViewerCanvasSupervisorVC.swift */ = {isa = PBXFileReference; lastKnownFileType = sourcecode.swift; path = ViewerCanvasSupervisorVC.swift; sourceTree = "<group>"; };
		49763FE0224AD9EE00BDF85A /* SimpleRectView.swift */ = {isa = PBXFileReference; lastKnownFileType = sourcecode.swift; path = SimpleRectView.swift; sourceTree = "<group>"; };
		49763FE2224AFBBD00BDF85A /* ViewerCanvasView.swift */ = {isa = PBXFileReference; lastKnownFileType = sourcecode.swift; path = ViewerCanvasView.swift; sourceTree = "<group>"; };
		49763FE4224B124700BDF85A /* ViewerCanvasElementProtocol.swift */ = {isa = PBXFileReference; lastKnownFileType = sourcecode.swift; path = ViewerCanvasElementProtocol.swift; sourceTree = "<group>"; };
		49763FE6224B1CA100BDF85A /* CanvasMode.swift */ = {isa = PBXFileReference; lastKnownFileType = sourcecode.swift; path = CanvasMode.swift; sourceTree = "<group>"; };
		49763FE8224B212100BDF85A /* NavigationPaneElementProtocol.swift */ = {isa = PBXFileReference; lastKnownFileType = sourcecode.swift; path = NavigationPaneElementProtocol.swift; sourceTree = "<group>"; };
		49763FEB224B30DD00BDF85A /* NavigationItemVC.swift */ = {isa = PBXFileReference; lastKnownFileType = sourcecode.swift; path = NavigationItemVC.swift; sourceTree = "<group>"; };
		49CC174C224BE7C500FF6540 /* DemoCoreImpl.framework */ = {isa = PBXFileReference; explicitFileType = wrapper.framework; includeInIndex = 0; path = DemoCoreImpl.framework; sourceTree = BUILT_PRODUCTS_DIR; };
		49CC174E224BE7C500FF6540 /* DemoCoreImpl.h */ = {isa = PBXFileReference; lastKnownFileType = sourcecode.c.h; path = DemoCoreImpl.h; sourceTree = "<group>"; };
		49CC174F224BE7C500FF6540 /* Info.plist */ = {isa = PBXFileReference; lastKnownFileType = text.plist.xml; path = Info.plist; sourceTree = "<group>"; };
		49CC1754224BE7C500FF6540 /* DemoCoreImplTests.xctest */ = {isa = PBXFileReference; explicitFileType = wrapper.cfbundle; includeInIndex = 0; path = DemoCoreImplTests.xctest; sourceTree = BUILT_PRODUCTS_DIR; };
		49CC1759224BE7C600FF6540 /* DemoCoreImplTests.swift */ = {isa = PBXFileReference; lastKnownFileType = sourcecode.swift; path = DemoCoreImplTests.swift; sourceTree = "<group>"; };
		49CC175B224BE7C600FF6540 /* Info.plist */ = {isa = PBXFileReference; lastKnownFileType = text.plist.xml; path = Info.plist; sourceTree = "<group>"; };
		49CC1764224BEC6400FF6540 /* SimpleDemoDatasource.swift */ = {isa = PBXFileReference; lastKnownFileType = sourcecode.swift; path = SimpleDemoDatasource.swift; sourceTree = "<group>"; };
		49CC1766224BEC8800FF6540 /* SimpleDataEntity.swift */ = {isa = PBXFileReference; lastKnownFileType = sourcecode.swift; path = SimpleDataEntity.swift; sourceTree = "<group>"; };
		49CC1769224C30DD00FF6540 /* CanvasElement.swift */ = {isa = PBXFileReference; lastKnownFileType = sourcecode.swift; path = CanvasElement.swift; sourceTree = "<group>"; };
		49CC1770224CA22400FF6540 /* DemoReplacementUIImpl.framework */ = {isa = PBXFileReference; explicitFileType = wrapper.framework; includeInIndex = 0; path = DemoReplacementUIImpl.framework; sourceTree = BUILT_PRODUCTS_DIR; };
		49CC1772224CA22400FF6540 /* DemoReplacementUIImpl.h */ = {isa = PBXFileReference; lastKnownFileType = sourcecode.c.h; path = DemoReplacementUIImpl.h; sourceTree = "<group>"; };
		49CC1773224CA22400FF6540 /* Info.plist */ = {isa = PBXFileReference; lastKnownFileType = text.plist.xml; path = Info.plist; sourceTree = "<group>"; };
		49CC1778224CA22400FF6540 /* DemoReplacementUIImplTests.xctest */ = {isa = PBXFileReference; explicitFileType = wrapper.cfbundle; includeInIndex = 0; path = DemoReplacementUIImplTests.xctest; sourceTree = BUILT_PRODUCTS_DIR; };
		49CC177D224CA22400FF6540 /* DemoReplacementUIImplTests.swift */ = {isa = PBXFileReference; lastKnownFileType = sourcecode.swift; path = DemoReplacementUIImplTests.swift; sourceTree = "<group>"; };
		49CC177F224CA22400FF6540 /* Info.plist */ = {isa = PBXFileReference; lastKnownFileType = text.plist.xml; path = Info.plist; sourceTree = "<group>"; };
		49CC1789224CA2AA00FF6540 /* AlternateCanvasElement.swift */ = {isa = PBXFileReference; lastKnownFileType = sourcecode.swift; path = AlternateCanvasElement.swift; sourceTree = "<group>"; };
		49CC1798224D41D100FF6540 /* CocoaLumberjackSwift.framework */ = {isa = PBXFileReference; lastKnownFileType = wrapper.framework; path = CocoaLumberjackSwift.framework; sourceTree = "<group>"; };
/* End PBXFileReference section */

/* Begin PBXFrameworksBuildPhase section */
		495DA0212249B01A00601C80 /* Frameworks */ = {
			isa = PBXFrameworksBuildPhase;
			buildActionMask = 2147483647;
			files = (
			);
			runOnlyForDeploymentPostprocessing = 0;
		};
		495DA02A2249B01A00601C80 /* Frameworks */ = {
			isa = PBXFrameworksBuildPhase;
			buildActionMask = 2147483647;
			files = (
				495DA02E2249B01A00601C80 /* PUKit.framework in Frameworks */,
			);
			runOnlyForDeploymentPostprocessing = 0;
		};
		495DA03F2249B05500601C80 /* Frameworks */ = {
			isa = PBXFrameworksBuildPhase;
			buildActionMask = 2147483647;
			files = (
				495DA0882249B1DB00601C80 /* DemoUIProtocols.framework in Frameworks */,
				49763FD1224AD06600BDF85A /* DemoUIImpl.framework in Frameworks */,
				4958D052224D435B00C8210D /* CocoaLumberjack.framework in Frameworks */,
				49CC1799224D41D100FF6540 /* CocoaLumberjackSwift.framework in Frameworks */,
			);
			runOnlyForDeploymentPostprocessing = 0;
		};
		495DA04E2249B05600601C80 /* Frameworks */ = {
			isa = PBXFrameworksBuildPhase;
			buildActionMask = 2147483647;
			files = (
			);
			runOnlyForDeploymentPostprocessing = 0;
		};
		495DA0592249B05600601C80 /* Frameworks */ = {
			isa = PBXFrameworksBuildPhase;
			buildActionMask = 2147483647;
			files = (
			);
			runOnlyForDeploymentPostprocessing = 0;
		};
		495DA0702249B1DA00601C80 /* Frameworks */ = {
			isa = PBXFrameworksBuildPhase;
			buildActionMask = 2147483647;
			files = (
			);
			runOnlyForDeploymentPostprocessing = 0;
		};
		495DA0782249B1DB00601C80 /* Frameworks */ = {
			isa = PBXFrameworksBuildPhase;
			buildActionMask = 2147483647;
			files = (
				495DA07C2249B1DB00601C80 /* DemoUIProtocols.framework in Frameworks */,
			);
			runOnlyForDeploymentPostprocessing = 0;
		};
		49763FB9224AD06600BDF85A /* Frameworks */ = {
			isa = PBXFrameworksBuildPhase;
			buildActionMask = 2147483647;
			files = (
				49CC178E224CA3FF00FF6540 /* DemoReplacementUIImpl.framework in Frameworks */,
				49CC1768224C294E00FF6540 /* DemoCoreImpl.framework in Frameworks */,
				49CC1746224B47C700FF6540 /* DemoUIProtocols.framework in Frameworks */,
			);
			runOnlyForDeploymentPostprocessing = 0;
		};
		49763FC1224AD06600BDF85A /* Frameworks */ = {
			isa = PBXFrameworksBuildPhase;
			buildActionMask = 2147483647;
			files = (
				49763FC5224AD06600BDF85A /* DemoUIImpl.framework in Frameworks */,
			);
			runOnlyForDeploymentPostprocessing = 0;
		};
		49CC1749224BE7C500FF6540 /* Frameworks */ = {
			isa = PBXFrameworksBuildPhase;
			buildActionMask = 2147483647;
			files = (
			);
			runOnlyForDeploymentPostprocessing = 0;
		};
		49CC1751224BE7C500FF6540 /* Frameworks */ = {
			isa = PBXFrameworksBuildPhase;
			buildActionMask = 2147483647;
			files = (
				49CC1755224BE7C600FF6540 /* DemoCoreImpl.framework in Frameworks */,
			);
			runOnlyForDeploymentPostprocessing = 0;
		};
		49CC176D224CA22400FF6540 /* Frameworks */ = {
			isa = PBXFrameworksBuildPhase;
			buildActionMask = 2147483647;
			files = (
				49CC179A224D41D100FF6540 /* CocoaLumberjackSwift.framework in Frameworks */,
				49CC178B224CA35600FF6540 /* DemoCoreImpl.framework in Frameworks */,
				49CC178C224CA35600FF6540 /* DemoUIProtocols.framework in Frameworks */,
				49CC178D224CA35600FF6540 /* PUKit.framework in Frameworks */,
			);
			runOnlyForDeploymentPostprocessing = 0;
		};
		49CC1775224CA22400FF6540 /* Frameworks */ = {
			isa = PBXFrameworksBuildPhase;
			buildActionMask = 2147483647;
			files = (
				49CC1787224CA24D00FF6540 /* DemoCoreImpl.framework in Frameworks */,
			);
			runOnlyForDeploymentPostprocessing = 0;
		};
/* End PBXFrameworksBuildPhase section */

/* Begin PBXGroup section */
		4958D054224DB85100C8210D /* DI */ = {
			isa = PBXGroup;
			children = (
				4958D055224DB86500C8210D /* DIFactory.swift */,
			);
			path = DI;
			sourceTree = "<group>";
		};
		495DA01A2249B01A00601C80 = {
			isa = PBXGroup;
			children = (
				495DA0432249B05500601C80 /* PUKDemo */,
				49763FBD224AD06600BDF85A /* DemoUIImpl */,
				49CC1771224CA22400FF6540 /* DemoReplacementUIImpl */,
				49CC174D224BE7C500FF6540 /* DemoCoreImpl */,
				495DA0742249B1DA00601C80 /* DemoUIProtocols */,
				495DA0262249B01A00601C80 /* PUKit */,
				495DA0312249B01A00601C80 /* PUKitTests */,
				495DA05F2249B05600601C80 /* PUKDemoUITests */,
				495DA0812249B1DB00601C80 /* DemoUIProtocolsTests */,
				49763FCA224AD06600BDF85A /* DemoUIImplTests */,
				49CC1758224BE7C600FF6540 /* DemoCoreImplTests */,
				49CC177C224CA22400FF6540 /* DemoReplacementUIImplTests */,
				495DA0252249B01A00601C80 /* Products */,
				495DA0A52249D89E00601C80 /* Frameworks */,
			);
			sourceTree = "<group>";
		};
		495DA0252249B01A00601C80 /* Products */ = {
			isa = PBXGroup;
			children = (
				495DA0242249B01A00601C80 /* PUKit.framework */,
				495DA02D2249B01A00601C80 /* PUKitTests.xctest */,
				495DA0422249B05500601C80 /* PUKDemo.app */,
				495DA0512249B05600601C80 /* PUKDemoTests.xctest */,
				495DA05C2249B05600601C80 /* PUKDemoUITests.xctest */,
				495DA0732249B1DA00601C80 /* DemoUIProtocols.framework */,
				495DA07B2249B1DB00601C80 /* DemoUIProtocolsTests.xctest */,
				49763FBC224AD06600BDF85A /* DemoUIImpl.framework */,
				49763FC4224AD06600BDF85A /* DemoUIImplTests.xctest */,
				49CC174C224BE7C500FF6540 /* DemoCoreImpl.framework */,
				49CC1754224BE7C500FF6540 /* DemoCoreImplTests.xctest */,
				49CC1770224CA22400FF6540 /* DemoReplacementUIImpl.framework */,
				49CC1778224CA22400FF6540 /* DemoReplacementUIImplTests.xctest */,
			);
			name = Products;
			sourceTree = "<group>";
		};
		495DA0262249B01A00601C80 /* PUKit */ = {
			isa = PBXGroup;
			children = (
				495DA0972249B2B700601C80 /* Protocols */,
				495DA0272249B01A00601C80 /* PUKit.h */,
				495DA0282249B01A00601C80 /* Info.plist */,
			);
			path = PUKit;
			sourceTree = "<group>";
		};
		495DA0312249B01A00601C80 /* PUKitTests */ = {
			isa = PBXGroup;
			children = (
				495DA0322249B01A00601C80 /* PUKitTests.swift */,
				495DA0342249B01A00601C80 /* Info.plist */,
			);
			path = PUKitTests;
			sourceTree = "<group>";
		};
		495DA0432249B05500601C80 /* PUKDemo */ = {
			isa = PBXGroup;
			children = (
				495DA0442249B05500601C80 /* AppDelegate.swift */,
				495DA0462249B05600601C80 /* Assets.xcassets */,
				495DA0482249B05600601C80 /* MainMenu.xib */,
				495DA04B2249B05600601C80 /* Info.plist */,
				495DA04C2249B05600601C80 /* PUKDemo.entitlements */,
			);
			path = PUKDemo;
			sourceTree = "<group>";
		};
		495DA0542249B05600601C80 /* PUKDemoTests */ = {
			isa = PBXGroup;
			children = (
				495DA0552249B05600601C80 /* PUKDemoTests.swift */,
				495DA0572249B05600601C80 /* Info.plist */,
			);
			path = PUKDemoTests;
			sourceTree = "<group>";
		};
		495DA05F2249B05600601C80 /* PUKDemoUITests */ = {
			isa = PBXGroup;
			children = (
				495DA0542249B05600601C80 /* PUKDemoTests */,
				495DA0602249B05600601C80 /* PUKDemoUITests.swift */,
				495DA0622249B05600601C80 /* Info.plist */,
			);
			path = PUKDemoUITests;
			sourceTree = "<group>";
		};
		495DA0742249B1DA00601C80 /* DemoUIProtocols */ = {
			isa = PBXGroup;
			children = (
				495DA09E2249B53500601C80 /* Supervisors */,
				495DA0752249B1DA00601C80 /* DemoUIProtocols.h */,
				495DA0762249B1DA00601C80 /* Info.plist */,
			);
			path = DemoUIProtocols;
			sourceTree = "<group>";
		};
		495DA0812249B1DB00601C80 /* DemoUIProtocolsTests */ = {
			isa = PBXGroup;
			children = (
				495DA0822249B1DB00601C80 /* DemoUIProtocolsTests.swift */,
				495DA0842249B1DB00601C80 /* Info.plist */,
			);
			path = DemoUIProtocolsTests;
			sourceTree = "<group>";
		};
		495DA0972249B2B700601C80 /* Protocols */ = {
			isa = PBXGroup;
			children = (
				495DA0982249B2D400601C80 /* PUKEventProtocol.swift */,
				495DA09A2249B2FB00601C80 /* PUKAnimationProtocol.swift */,
				495DA09C2249B31800601C80 /* PUKLayoutProtocol.swift */,
			);
			path = Protocols;
			sourceTree = "<group>";
		};
		495DA09E2249B53500601C80 /* Supervisors */ = {
			isa = PBXGroup;
			children = (
				495DA0A92249DBA200601C80 /* RootLogViewerProtocol.swift */,
				495DA0AD2249E6B300601C80 /* NavigationPaneProtocol.swift */,
				495DA0B12249E7CD00601C80 /* ViewerCanvasProtocol.swift */,
				49763FE4224B124700BDF85A /* ViewerCanvasElementProtocol.swift */,
				49763FE6224B1CA100BDF85A /* CanvasMode.swift */,
				49763FE8224B212100BDF85A /* NavigationPaneElementProtocol.swift */,
			);
			path = Supervisors;
			sourceTree = "<group>";
		};
		495DA0A52249D89E00601C80 /* Frameworks */ = {
			isa = PBXGroup;
			children = (
				4958D051224D435B00C8210D /* CocoaLumberjack.framework */,
				49CC1798224D41D100FF6540 /* CocoaLumberjackSwift.framework */,
			);
			path = Frameworks;
			sourceTree = "<group>";
		};
		49763FBD224AD06600BDF85A /* DemoUIImpl */ = {
			isa = PBXGroup;
			children = (
				4958D054224DB85100C8210D /* DI */,
				49763FEA224B30BD00BDF85A /* Elements */,
				49763FDA224AD08A00BDF85A /* Supervisors */,
				49763FBE224AD06600BDF85A /* DemoUIImpl.h */,
				49763FBF224AD06600BDF85A /* Info.plist */,
			);
			path = DemoUIImpl;
			sourceTree = "<group>";
		};
		49763FCA224AD06600BDF85A /* DemoUIImplTests */ = {
			isa = PBXGroup;
			children = (
				49763FCB224AD06600BDF85A /* DemoUIImplTests.swift */,
				49763FCD224AD06600BDF85A /* Info.plist */,
			);
			path = DemoUIImplTests;
			sourceTree = "<group>";
		};
		49763FDA224AD08A00BDF85A /* Supervisors */ = {
			isa = PBXGroup;
			children = (
				49763FDF224AD9D900BDF85A /* Views */,
				495DA09F2249B55200601C80 /* RootSupervisorVC.swift */,
				49763FDB224AD0FA00BDF85A /* NavigationSupervisorVC.swift */,
				49763FDD224AD90C00BDF85A /* ViewerCanvasSupervisorVC.swift */,
			);
			path = Supervisors;
			sourceTree = "<group>";
		};
		49763FDF224AD9D900BDF85A /* Views */ = {
			isa = PBXGroup;
			children = (
				49763FE0224AD9EE00BDF85A /* SimpleRectView.swift */,
				49763FE2224AFBBD00BDF85A /* ViewerCanvasView.swift */,
			);
			path = Views;
			sourceTree = "<group>";
		};
		49763FEA224B30BD00BDF85A /* Elements */ = {
			isa = PBXGroup;
			children = (
				49763FEB224B30DD00BDF85A /* NavigationItemVC.swift */,
				49CC1769224C30DD00FF6540 /* CanvasElement.swift */,
			);
			path = Elements;
			sourceTree = "<group>";
		};
		49CC174D224BE7C500FF6540 /* DemoCoreImpl */ = {
			isa = PBXGroup;
			children = (
				49CC1763224BEC4200FF6540 /* Data */,
				49CC174E224BE7C500FF6540 /* DemoCoreImpl.h */,
				49CC174F224BE7C500FF6540 /* Info.plist */,
			);
			path = DemoCoreImpl;
			sourceTree = "<group>";
		};
		49CC1758224BE7C600FF6540 /* DemoCoreImplTests */ = {
			isa = PBXGroup;
			children = (
				49CC1759224BE7C600FF6540 /* DemoCoreImplTests.swift */,
				49CC175B224BE7C600FF6540 /* Info.plist */,
			);
			path = DemoCoreImplTests;
			sourceTree = "<group>";
		};
		49CC1763224BEC4200FF6540 /* Data */ = {
			isa = PBXGroup;
			children = (
				49CC1764224BEC6400FF6540 /* SimpleDemoDatasource.swift */,
				49CC1766224BEC8800FF6540 /* SimpleDataEntity.swift */,
			);
			path = Data;
			sourceTree = "<group>";
		};
		49CC1771224CA22400FF6540 /* DemoReplacementUIImpl */ = {
			isa = PBXGroup;
			children = (
				49CC1788224CA28400FF6540 /* Elements */,
				49CC1772224CA22400FF6540 /* DemoReplacementUIImpl.h */,
				49CC1773224CA22400FF6540 /* Info.plist */,
			);
			path = DemoReplacementUIImpl;
			sourceTree = "<group>";
		};
		49CC177C224CA22400FF6540 /* DemoReplacementUIImplTests */ = {
			isa = PBXGroup;
			children = (
				49CC177D224CA22400FF6540 /* DemoReplacementUIImplTests.swift */,
				49CC177F224CA22400FF6540 /* Info.plist */,
			);
			path = DemoReplacementUIImplTests;
			sourceTree = "<group>";
		};
		49CC1788224CA28400FF6540 /* Elements */ = {
			isa = PBXGroup;
			children = (
				49CC1789224CA2AA00FF6540 /* AlternateCanvasElement.swift */,
			);
			path = Elements;
			sourceTree = "<group>";
		};
/* End PBXGroup section */

/* Begin PBXHeadersBuildPhase section */
		495DA01F2249B01A00601C80 /* Headers */ = {
			isa = PBXHeadersBuildPhase;
			buildActionMask = 2147483647;
			files = (
				495DA0352249B01A00601C80 /* PUKit.h in Headers */,
			);
			runOnlyForDeploymentPostprocessing = 0;
		};
		495DA06E2249B1DA00601C80 /* Headers */ = {
			isa = PBXHeadersBuildPhase;
			buildActionMask = 2147483647;
			files = (
				495DA0852249B1DB00601C80 /* DemoUIProtocols.h in Headers */,
			);
			runOnlyForDeploymentPostprocessing = 0;
		};
		49763FB7224AD06600BDF85A /* Headers */ = {
			isa = PBXHeadersBuildPhase;
			buildActionMask = 2147483647;
			files = (
				49763FCE224AD06600BDF85A /* DemoUIImpl.h in Headers */,
			);
			runOnlyForDeploymentPostprocessing = 0;
		};
		49CC1747224BE7C500FF6540 /* Headers */ = {
			isa = PBXHeadersBuildPhase;
			buildActionMask = 2147483647;
			files = (
				49CC175C224BE7C600FF6540 /* DemoCoreImpl.h in Headers */,
			);
			runOnlyForDeploymentPostprocessing = 0;
		};
		49CC176B224CA22400FF6540 /* Headers */ = {
			isa = PBXHeadersBuildPhase;
			buildActionMask = 2147483647;
			files = (
				49CC1780224CA22400FF6540 /* DemoReplacementUIImpl.h in Headers */,
			);
			runOnlyForDeploymentPostprocessing = 0;
		};
/* End PBXHeadersBuildPhase section */

/* Begin PBXNativeTarget section */
		495DA0232249B01A00601C80 /* PUKit */ = {
			isa = PBXNativeTarget;
			buildConfigurationList = 495DA0382249B01A00601C80 /* Build configuration list for PBXNativeTarget "PUKit" */;
			buildPhases = (
				495DA01F2249B01A00601C80 /* Headers */,
				495DA0202249B01A00601C80 /* Sources */,
				495DA0212249B01A00601C80 /* Frameworks */,
				495DA0222249B01A00601C80 /* Resources */,
			);
			buildRules = (
			);
			dependencies = (
			);
			name = PUKit;
			productName = PUKit;
			productReference = 495DA0242249B01A00601C80 /* PUKit.framework */;
			productType = "com.apple.product-type.framework";
		};
		495DA02C2249B01A00601C80 /* PUKitTests */ = {
			isa = PBXNativeTarget;
			buildConfigurationList = 495DA03B2249B01A00601C80 /* Build configuration list for PBXNativeTarget "PUKitTests" */;
			buildPhases = (
				495DA0292249B01A00601C80 /* Sources */,
				495DA02A2249B01A00601C80 /* Frameworks */,
				495DA02B2249B01A00601C80 /* Resources */,
			);
			buildRules = (
			);
			dependencies = (
				495DA0302249B01A00601C80 /* PBXTargetDependency */,
			);
			name = PUKitTests;
			productName = PUKitTests;
			productReference = 495DA02D2249B01A00601C80 /* PUKitTests.xctest */;
			productType = "com.apple.product-type.bundle.unit-test";
		};
		495DA0412249B05500601C80 /* PUKDemo */ = {
			isa = PBXNativeTarget;
			buildConfigurationList = 495DA0632249B05600601C80 /* Build configuration list for PBXNativeTarget "PUKDemo" */;
			buildPhases = (
				495DA03E2249B05500601C80 /* Sources */,
				495DA03F2249B05500601C80 /* Frameworks */,
				495DA0402249B05500601C80 /* Resources */,
				495DA08D2249B1DB00601C80 /* Embed Frameworks */,
			);
			buildRules = (
			);
			dependencies = (
				495DA06D2249B09100601C80 /* PBXTargetDependency */,
				495DA0872249B1DB00601C80 /* PBXTargetDependency */,
				49763FD0224AD06600BDF85A /* PBXTargetDependency */,
			);
			name = PUKDemo;
			productName = PUKDemo;
			productReference = 495DA0422249B05500601C80 /* PUKDemo.app */;
			productType = "com.apple.product-type.application";
		};
		495DA0502249B05600601C80 /* PUKDemoTests */ = {
			isa = PBXNativeTarget;
			buildConfigurationList = 495DA0662249B05600601C80 /* Build configuration list for PBXNativeTarget "PUKDemoTests" */;
			buildPhases = (
				495DA04D2249B05600601C80 /* Sources */,
				495DA04E2249B05600601C80 /* Frameworks */,
				495DA04F2249B05600601C80 /* Resources */,
			);
			buildRules = (
			);
			dependencies = (
				495DA0532249B05600601C80 /* PBXTargetDependency */,
			);
			name = PUKDemoTests;
			productName = PUKDemoTests;
			productReference = 495DA0512249B05600601C80 /* PUKDemoTests.xctest */;
			productType = "com.apple.product-type.bundle.unit-test";
		};
		495DA05B2249B05600601C80 /* PUKDemoUITests */ = {
			isa = PBXNativeTarget;
			buildConfigurationList = 495DA0692249B05600601C80 /* Build configuration list for PBXNativeTarget "PUKDemoUITests" */;
			buildPhases = (
				495DA0582249B05600601C80 /* Sources */,
				495DA0592249B05600601C80 /* Frameworks */,
				495DA05A2249B05600601C80 /* Resources */,
			);
			buildRules = (
			);
			dependencies = (
				495DA05E2249B05600601C80 /* PBXTargetDependency */,
			);
			name = PUKDemoUITests;
			productName = PUKDemoUITests;
			productReference = 495DA05C2249B05600601C80 /* PUKDemoUITests.xctest */;
			productType = "com.apple.product-type.bundle.ui-testing";
		};
		495DA0722249B1DA00601C80 /* DemoUIProtocols */ = {
			isa = PBXNativeTarget;
			buildConfigurationList = 495DA08A2249B1DB00601C80 /* Build configuration list for PBXNativeTarget "DemoUIProtocols" */;
			buildPhases = (
				495DA06E2249B1DA00601C80 /* Headers */,
				495DA06F2249B1DA00601C80 /* Sources */,
				495DA0702249B1DA00601C80 /* Frameworks */,
				495DA0712249B1DA00601C80 /* Resources */,
			);
			buildRules = (
			);
			dependencies = (
				495DA0962249B27300601C80 /* PBXTargetDependency */,
			);
			name = DemoUIProtocols;
			productName = DemoUIProtocols;
			productReference = 495DA0732249B1DA00601C80 /* DemoUIProtocols.framework */;
			productType = "com.apple.product-type.framework";
		};
		495DA07A2249B1DB00601C80 /* DemoUIProtocolsTests */ = {
			isa = PBXNativeTarget;
			buildConfigurationList = 495DA08E2249B1DB00601C80 /* Build configuration list for PBXNativeTarget "DemoUIProtocolsTests" */;
			buildPhases = (
				495DA0772249B1DB00601C80 /* Sources */,
				495DA0782249B1DB00601C80 /* Frameworks */,
				495DA0792249B1DB00601C80 /* Resources */,
			);
			buildRules = (
			);
			dependencies = (
				495DA0942249B20500601C80 /* PBXTargetDependency */,
				495DA0922249B1F800601C80 /* PBXTargetDependency */,
			);
			name = DemoUIProtocolsTests;
			productName = DemoUIProtocolsTests;
			productReference = 495DA07B2249B1DB00601C80 /* DemoUIProtocolsTests.xctest */;
			productType = "com.apple.product-type.bundle.unit-test";
		};
		49763FBB224AD06600BDF85A /* DemoUIImpl */ = {
			isa = PBXNativeTarget;
			buildConfigurationList = 49763FD7224AD06600BDF85A /* Build configuration list for PBXNativeTarget "DemoUIImpl" */;
			buildPhases = (
				49763FB7224AD06600BDF85A /* Headers */,
				49763FB8224AD06600BDF85A /* Sources */,
				49763FB9224AD06600BDF85A /* Frameworks */,
				49763FBA224AD06600BDF85A /* Resources */,
			);
			buildRules = (
			);
			dependencies = (
				49CC1790224CA58F00FF6540 /* PBXTargetDependency */,
			);
			name = DemoUIImpl;
			productName = DemoUIImpl;
			productReference = 49763FBC224AD06600BDF85A /* DemoUIImpl.framework */;
			productType = "com.apple.product-type.framework";
		};
		49763FC3224AD06600BDF85A /* DemoUIImplTests */ = {
			isa = PBXNativeTarget;
			buildConfigurationList = 49763FD8224AD06600BDF85A /* Build configuration list for PBXNativeTarget "DemoUIImplTests" */;
			buildPhases = (
				49763FC0224AD06600BDF85A /* Sources */,
				49763FC1224AD06600BDF85A /* Frameworks */,
				49763FC2224AD06600BDF85A /* Resources */,
			);
			buildRules = (
			);
			dependencies = (
				49763FC7224AD06600BDF85A /* PBXTargetDependency */,
				49763FC9224AD06600BDF85A /* PBXTargetDependency */,
			);
			name = DemoUIImplTests;
			productName = DemoUIImplTests;
			productReference = 49763FC4224AD06600BDF85A /* DemoUIImplTests.xctest */;
			productType = "com.apple.product-type.bundle.unit-test";
		};
		49CC174B224BE7C500FF6540 /* DemoCoreImpl */ = {
			isa = PBXNativeTarget;
			buildConfigurationList = 49CC175D224BE7C600FF6540 /* Build configuration list for PBXNativeTarget "DemoCoreImpl" */;
			buildPhases = (
				49CC1747224BE7C500FF6540 /* Headers */,
				49CC1748224BE7C500FF6540 /* Sources */,
				49CC1749224BE7C500FF6540 /* Frameworks */,
				49CC174A224BE7C500FF6540 /* Resources */,
			);
			buildRules = (
			);
			dependencies = (
			);
			name = DemoCoreImpl;
			productName = DemoCoreImpl;
			productReference = 49CC174C224BE7C500FF6540 /* DemoCoreImpl.framework */;
			productType = "com.apple.product-type.framework";
		};
		49CC1753224BE7C500FF6540 /* DemoCoreImplTests */ = {
			isa = PBXNativeTarget;
			buildConfigurationList = 49CC1760224BE7C600FF6540 /* Build configuration list for PBXNativeTarget "DemoCoreImplTests" */;
			buildPhases = (
				49CC1750224BE7C500FF6540 /* Sources */,
				49CC1751224BE7C500FF6540 /* Frameworks */,
				49CC1752224BE7C500FF6540 /* Resources */,
			);
			buildRules = (
			);
			dependencies = (
				49CC1757224BE7C600FF6540 /* PBXTargetDependency */,
			);
			name = DemoCoreImplTests;
			productName = DemoCoreImplTests;
			productReference = 49CC1754224BE7C500FF6540 /* DemoCoreImplTests.xctest */;
			productType = "com.apple.product-type.bundle.unit-test";
		};
		49CC176F224CA22400FF6540 /* DemoReplacementUIImpl */ = {
			isa = PBXNativeTarget;
			buildConfigurationList = 49CC1781224CA22400FF6540 /* Build configuration list for PBXNativeTarget "DemoReplacementUIImpl" */;
			buildPhases = (
				49CC176B224CA22400FF6540 /* Headers */,
				49CC176C224CA22400FF6540 /* Sources */,
				49CC176D224CA22400FF6540 /* Frameworks */,
				49CC176E224CA22400FF6540 /* Resources */,
			);
			buildRules = (
			);
			dependencies = (
			);
			name = DemoReplacementUIImpl;
			productName = DemoReplacementUIImpl;
			productReference = 49CC1770224CA22400FF6540 /* DemoReplacementUIImpl.framework */;
			productType = "com.apple.product-type.framework";
		};
		49CC1777224CA22400FF6540 /* DemoReplacementUIImplTests */ = {
			isa = PBXNativeTarget;
			buildConfigurationList = 49CC1784224CA22400FF6540 /* Build configuration list for PBXNativeTarget "DemoReplacementUIImplTests" */;
			buildPhases = (
				49CC1774224CA22400FF6540 /* Sources */,
				49CC1775224CA22400FF6540 /* Frameworks */,
				49CC1776224CA22400FF6540 /* Resources */,
			);
			buildRules = (
			);
			dependencies = (
				49CC177B224CA22400FF6540 /* PBXTargetDependency */,
			);
			name = DemoReplacementUIImplTests;
			productName = DemoReplacementUIImplTests;
			productReference = 49CC1778224CA22400FF6540 /* DemoReplacementUIImplTests.xctest */;
			productType = "com.apple.product-type.bundle.unit-test";
		};
/* End PBXNativeTarget section */

/* Begin PBXProject section */
		495DA01B2249B01A00601C80 /* Project object */ = {
			isa = PBXProject;
			attributes = {
				LastSwiftUpdateCheck = 1000;
				LastUpgradeCheck = 1010;
				ORGANIZATIONNAME = "Henry Zhang";
				TargetAttributes = {
					495DA0232249B01A00601C80 = {
						CreatedOnToolsVersion = 10.1;
						LastSwiftMigration = 1010;
					};
					495DA02C2249B01A00601C80 = {
						CreatedOnToolsVersion = 10.1;
					};
					495DA0412249B05500601C80 = {
						CreatedOnToolsVersion = 10.1;
					};
					495DA0502249B05600601C80 = {
						CreatedOnToolsVersion = 10.1;
						TestTargetID = 495DA0412249B05500601C80;
					};
					495DA05B2249B05600601C80 = {
						CreatedOnToolsVersion = 10.1;
						TestTargetID = 495DA0412249B05500601C80;
					};
					495DA0722249B1DA00601C80 = {
						CreatedOnToolsVersion = 10.1;
						LastSwiftMigration = 1010;
					};
					495DA07A2249B1DB00601C80 = {
						CreatedOnToolsVersion = 10.1;
						TestTargetID = 495DA0412249B05500601C80;
					};
					49763FBB224AD06600BDF85A = {
						CreatedOnToolsVersion = 10.1;
					};
					49763FC3224AD06600BDF85A = {
						CreatedOnToolsVersion = 10.1;
						TestTargetID = 495DA0412249B05500601C80;
					};
					49CC174B224BE7C500FF6540 = {
						CreatedOnToolsVersion = 10.0;
						LastSwiftMigration = 1000;
					};
					49CC1753224BE7C500FF6540 = {
						CreatedOnToolsVersion = 10.0;
					};
					49CC176F224CA22400FF6540 = {
						CreatedOnToolsVersion = 10.0;
						LastSwiftMigration = 1000;
					};
					49CC1777224CA22400FF6540 = {
						CreatedOnToolsVersion = 10.0;
					};
				};
			};
			buildConfigurationList = 495DA01E2249B01A00601C80 /* Build configuration list for PBXProject "PUKit" */;
			compatibilityVersion = "Xcode 9.3";
			developmentRegion = en;
			hasScannedForEncodings = 0;
			knownRegions = (
				en,
				Base,
			);
			mainGroup = 495DA01A2249B01A00601C80;
			productRefGroup = 495DA0252249B01A00601C80 /* Products */;
			projectDirPath = "";
			projectRoot = "";
			targets = (
				495DA0232249B01A00601C80 /* PUKit */,
				495DA02C2249B01A00601C80 /* PUKitTests */,
				495DA0412249B05500601C80 /* PUKDemo */,
				495DA0502249B05600601C80 /* PUKDemoTests */,
				495DA05B2249B05600601C80 /* PUKDemoUITests */,
				495DA0722249B1DA00601C80 /* DemoUIProtocols */,
				495DA07A2249B1DB00601C80 /* DemoUIProtocolsTests */,
				49763FBB224AD06600BDF85A /* DemoUIImpl */,
				49763FC3224AD06600BDF85A /* DemoUIImplTests */,
				49CC174B224BE7C500FF6540 /* DemoCoreImpl */,
				49CC1753224BE7C500FF6540 /* DemoCoreImplTests */,
				49CC176F224CA22400FF6540 /* DemoReplacementUIImpl */,
				49CC1777224CA22400FF6540 /* DemoReplacementUIImplTests */,
			);
		};
/* End PBXProject section */

/* Begin PBXResourcesBuildPhase section */
		495DA0222249B01A00601C80 /* Resources */ = {
			isa = PBXResourcesBuildPhase;
			buildActionMask = 2147483647;
			files = (
			);
			runOnlyForDeploymentPostprocessing = 0;
		};
		495DA02B2249B01A00601C80 /* Resources */ = {
			isa = PBXResourcesBuildPhase;
			buildActionMask = 2147483647;
			files = (
			);
			runOnlyForDeploymentPostprocessing = 0;
		};
		495DA0402249B05500601C80 /* Resources */ = {
			isa = PBXResourcesBuildPhase;
			buildActionMask = 2147483647;
			files = (
				495DA0472249B05600601C80 /* Assets.xcassets in Resources */,
				495DA04A2249B05600601C80 /* MainMenu.xib in Resources */,
			);
			runOnlyForDeploymentPostprocessing = 0;
		};
		495DA04F2249B05600601C80 /* Resources */ = {
			isa = PBXResourcesBuildPhase;
			buildActionMask = 2147483647;
			files = (
			);
			runOnlyForDeploymentPostprocessing = 0;
		};
		495DA05A2249B05600601C80 /* Resources */ = {
			isa = PBXResourcesBuildPhase;
			buildActionMask = 2147483647;
			files = (
			);
			runOnlyForDeploymentPostprocessing = 0;
		};
		495DA0712249B1DA00601C80 /* Resources */ = {
			isa = PBXResourcesBuildPhase;
			buildActionMask = 2147483647;
			files = (
			);
			runOnlyForDeploymentPostprocessing = 0;
		};
		495DA0792249B1DB00601C80 /* Resources */ = {
			isa = PBXResourcesBuildPhase;
			buildActionMask = 2147483647;
			files = (
			);
			runOnlyForDeploymentPostprocessing = 0;
		};
		49763FBA224AD06600BDF85A /* Resources */ = {
			isa = PBXResourcesBuildPhase;
			buildActionMask = 2147483647;
			files = (
			);
			runOnlyForDeploymentPostprocessing = 0;
		};
		49763FC2224AD06600BDF85A /* Resources */ = {
			isa = PBXResourcesBuildPhase;
			buildActionMask = 2147483647;
			files = (
			);
			runOnlyForDeploymentPostprocessing = 0;
		};
		49CC174A224BE7C500FF6540 /* Resources */ = {
			isa = PBXResourcesBuildPhase;
			buildActionMask = 2147483647;
			files = (
			);
			runOnlyForDeploymentPostprocessing = 0;
		};
		49CC1752224BE7C500FF6540 /* Resources */ = {
			isa = PBXResourcesBuildPhase;
			buildActionMask = 2147483647;
			files = (
			);
			runOnlyForDeploymentPostprocessing = 0;
		};
		49CC176E224CA22400FF6540 /* Resources */ = {
			isa = PBXResourcesBuildPhase;
			buildActionMask = 2147483647;
			files = (
			);
			runOnlyForDeploymentPostprocessing = 0;
		};
		49CC1776224CA22400FF6540 /* Resources */ = {
			isa = PBXResourcesBuildPhase;
			buildActionMask = 2147483647;
			files = (
			);
			runOnlyForDeploymentPostprocessing = 0;
		};
/* End PBXResourcesBuildPhase section */

/* Begin PBXSourcesBuildPhase section */
		495DA0202249B01A00601C80 /* Sources */ = {
			isa = PBXSourcesBuildPhase;
			buildActionMask = 2147483647;
			files = (
				495DA09D2249B31800601C80 /* PUKLayoutProtocol.swift in Sources */,
				495DA0992249B2D400601C80 /* PUKEventProtocol.swift in Sources */,
				495DA09B2249B2FB00601C80 /* PUKAnimationProtocol.swift in Sources */,
			);
			runOnlyForDeploymentPostprocessing = 0;
		};
		495DA0292249B01A00601C80 /* Sources */ = {
			isa = PBXSourcesBuildPhase;
			buildActionMask = 2147483647;
			files = (
				495DA0332249B01A00601C80 /* PUKitTests.swift in Sources */,
			);
			runOnlyForDeploymentPostprocessing = 0;
		};
		495DA03E2249B05500601C80 /* Sources */ = {
			isa = PBXSourcesBuildPhase;
			buildActionMask = 2147483647;
			files = (
				495DA0452249B05500601C80 /* AppDelegate.swift in Sources */,
			);
			runOnlyForDeploymentPostprocessing = 0;
		};
		495DA04D2249B05600601C80 /* Sources */ = {
			isa = PBXSourcesBuildPhase;
			buildActionMask = 2147483647;
			files = (
				495DA0562249B05600601C80 /* PUKDemoTests.swift in Sources */,
			);
			runOnlyForDeploymentPostprocessing = 0;
		};
		495DA0582249B05600601C80 /* Sources */ = {
			isa = PBXSourcesBuildPhase;
			buildActionMask = 2147483647;
			files = (
				495DA0612249B05600601C80 /* PUKDemoUITests.swift in Sources */,
			);
			runOnlyForDeploymentPostprocessing = 0;
		};
		495DA06F2249B1DA00601C80 /* Sources */ = {
			isa = PBXSourcesBuildPhase;
			buildActionMask = 2147483647;
			files = (
				495DA0AC2249DBA200601C80 /* RootLogViewerProtocol.swift in Sources */,
				495DA0B42249E7CD00601C80 /* ViewerCanvasProtocol.swift in Sources */,
				49763FE9224B212100BDF85A /* NavigationPaneElementProtocol.swift in Sources */,
				49763FE5224B124700BDF85A /* ViewerCanvasElementProtocol.swift in Sources */,
				495DA0B02249E6B300601C80 /* NavigationPaneProtocol.swift in Sources */,
				49763FE7224B1CA100BDF85A /* CanvasMode.swift in Sources */,
			);
			runOnlyForDeploymentPostprocessing = 0;
		};
		495DA0772249B1DB00601C80 /* Sources */ = {
			isa = PBXSourcesBuildPhase;
			buildActionMask = 2147483647;
			files = (
				495DA0832249B1DB00601C80 /* DemoUIProtocolsTests.swift in Sources */,
			);
			runOnlyForDeploymentPostprocessing = 0;
		};
		49763FB8224AD06600BDF85A /* Sources */ = {
			isa = PBXSourcesBuildPhase;
			buildActionMask = 2147483647;
			files = (
				49763FE3224AFBBD00BDF85A /* ViewerCanvasView.swift in Sources */,
				49763FEC224B30DD00BDF85A /* NavigationItemVC.swift in Sources */,
				49763FDC224AD0FA00BDF85A /* NavigationSupervisorVC.swift in Sources */,
				49763FD9224AD07600BDF85A /* RootSupervisorVC.swift in Sources */,
				49763FE1224AD9EE00BDF85A /* SimpleRectView.swift in Sources */,
				49763FDE224AD90C00BDF85A /* ViewerCanvasSupervisorVC.swift in Sources */,
				49CC176A224C30DD00FF6540 /* CanvasElement.swift in Sources */,
				4958D056224DB86500C8210D /* DIFactory.swift in Sources */,
			);
			runOnlyForDeploymentPostprocessing = 0;
		};
		49763FC0224AD06600BDF85A /* Sources */ = {
			isa = PBXSourcesBuildPhase;
			buildActionMask = 2147483647;
			files = (
				49763FCC224AD06600BDF85A /* DemoUIImplTests.swift in Sources */,
			);
			runOnlyForDeploymentPostprocessing = 0;
		};
		49CC1748224BE7C500FF6540 /* Sources */ = {
			isa = PBXSourcesBuildPhase;
			buildActionMask = 2147483647;
			files = (
				49CC1767224BEC8800FF6540 /* SimpleDataEntity.swift in Sources */,
				49CC1765224BEC6400FF6540 /* SimpleDemoDatasource.swift in Sources */,
			);
			runOnlyForDeploymentPostprocessing = 0;
		};
		49CC1750224BE7C500FF6540 /* Sources */ = {
			isa = PBXSourcesBuildPhase;
			buildActionMask = 2147483647;
			files = (
				49CC175A224BE7C600FF6540 /* DemoCoreImplTests.swift in Sources */,
			);
			runOnlyForDeploymentPostprocessing = 0;
		};
		49CC176C224CA22400FF6540 /* Sources */ = {
			isa = PBXSourcesBuildPhase;
			buildActionMask = 2147483647;
			files = (
				49CC178A224CA2AA00FF6540 /* AlternateCanvasElement.swift in Sources */,
			);
			runOnlyForDeploymentPostprocessing = 0;
		};
		49CC1774224CA22400FF6540 /* Sources */ = {
			isa = PBXSourcesBuildPhase;
			buildActionMask = 2147483647;
			files = (
				49CC177E224CA22400FF6540 /* DemoReplacementUIImplTests.swift in Sources */,
			);
			runOnlyForDeploymentPostprocessing = 0;
		};
/* End PBXSourcesBuildPhase section */

/* Begin PBXTargetDependency section */
		495DA0302249B01A00601C80 /* PBXTargetDependency */ = {
			isa = PBXTargetDependency;
			target = 495DA0232249B01A00601C80 /* PUKit */;
			targetProxy = 495DA02F2249B01A00601C80 /* PBXContainerItemProxy */;
		};
		495DA0532249B05600601C80 /* PBXTargetDependency */ = {
			isa = PBXTargetDependency;
			target = 495DA0412249B05500601C80 /* PUKDemo */;
			targetProxy = 495DA0522249B05600601C80 /* PBXContainerItemProxy */;
		};
		495DA05E2249B05600601C80 /* PBXTargetDependency */ = {
			isa = PBXTargetDependency;
			target = 495DA0412249B05500601C80 /* PUKDemo */;
			targetProxy = 495DA05D2249B05600601C80 /* PBXContainerItemProxy */;
		};
		495DA06D2249B09100601C80 /* PBXTargetDependency */ = {
			isa = PBXTargetDependency;
			target = 495DA0232249B01A00601C80 /* PUKit */;
			targetProxy = 495DA06C2249B09100601C80 /* PBXContainerItemProxy */;
		};
		495DA0872249B1DB00601C80 /* PBXTargetDependency */ = {
			isa = PBXTargetDependency;
			target = 495DA0722249B1DA00601C80 /* DemoUIProtocols */;
			targetProxy = 495DA0862249B1DB00601C80 /* PBXContainerItemProxy */;
		};
		495DA0922249B1F800601C80 /* PBXTargetDependency */ = {
			isa = PBXTargetDependency;
			target = 495DA0722249B1DA00601C80 /* DemoUIProtocols */;
			targetProxy = 495DA0912249B1F800601C80 /* PBXContainerItemProxy */;
		};
		495DA0942249B20500601C80 /* PBXTargetDependency */ = {
			isa = PBXTargetDependency;
			target = 495DA0232249B01A00601C80 /* PUKit */;
			targetProxy = 495DA0932249B20500601C80 /* PBXContainerItemProxy */;
		};
		495DA0962249B27300601C80 /* PBXTargetDependency */ = {
			isa = PBXTargetDependency;
			target = 495DA0232249B01A00601C80 /* PUKit */;
			targetProxy = 495DA0952249B27300601C80 /* PBXContainerItemProxy */;
		};
		49763FC7224AD06600BDF85A /* PBXTargetDependency */ = {
			isa = PBXTargetDependency;
			target = 49763FBB224AD06600BDF85A /* DemoUIImpl */;
			targetProxy = 49763FC6224AD06600BDF85A /* PBXContainerItemProxy */;
		};
		49763FC9224AD06600BDF85A /* PBXTargetDependency */ = {
			isa = PBXTargetDependency;
			target = 495DA0412249B05500601C80 /* PUKDemo */;
			targetProxy = 49763FC8224AD06600BDF85A /* PBXContainerItemProxy */;
		};
		49763FD0224AD06600BDF85A /* PBXTargetDependency */ = {
			isa = PBXTargetDependency;
			target = 49763FBB224AD06600BDF85A /* DemoUIImpl */;
			targetProxy = 49763FCF224AD06600BDF85A /* PBXContainerItemProxy */;
		};
		49CC1757224BE7C600FF6540 /* PBXTargetDependency */ = {
			isa = PBXTargetDependency;
			target = 49CC174B224BE7C500FF6540 /* DemoCoreImpl */;
			targetProxy = 49CC1756224BE7C600FF6540 /* PBXContainerItemProxy */;
		};
		49CC177B224CA22400FF6540 /* PBXTargetDependency */ = {
			isa = PBXTargetDependency;
			target = 49CC176F224CA22400FF6540 /* DemoReplacementUIImpl */;
			targetProxy = 49CC177A224CA22400FF6540 /* PBXContainerItemProxy */;
		};
		49CC1790224CA58F00FF6540 /* PBXTargetDependency */ = {
			isa = PBXTargetDependency;
			target = 49CC176F224CA22400FF6540 /* DemoReplacementUIImpl */;
			targetProxy = 49CC178F224CA58F00FF6540 /* PBXContainerItemProxy */;
		};
/* End PBXTargetDependency section */

/* Begin PBXVariantGroup section */
		495DA0482249B05600601C80 /* MainMenu.xib */ = {
			isa = PBXVariantGroup;
			children = (
				495DA0492249B05600601C80 /* Base */,
			);
			name = MainMenu.xib;
			sourceTree = "<group>";
		};
/* End PBXVariantGroup section */

/* Begin XCBuildConfiguration section */
		495DA0362249B01A00601C80 /* Debug */ = {
			isa = XCBuildConfiguration;
			buildSettings = {
				ALWAYS_SEARCH_USER_PATHS = NO;
				CLANG_ANALYZER_NONNULL = YES;
				CLANG_ANALYZER_NUMBER_OBJECT_CONVERSION = YES_AGGRESSIVE;
				CLANG_CXX_LANGUAGE_STANDARD = "gnu++14";
				CLANG_CXX_LIBRARY = "libc++";
				CLANG_ENABLE_MODULES = YES;
				CLANG_ENABLE_OBJC_ARC = YES;
				CLANG_ENABLE_OBJC_WEAK = YES;
				CLANG_WARN_BLOCK_CAPTURE_AUTORELEASING = YES;
				CLANG_WARN_BOOL_CONVERSION = YES;
				CLANG_WARN_COMMA = YES;
				CLANG_WARN_CONSTANT_CONVERSION = YES;
				CLANG_WARN_DEPRECATED_OBJC_IMPLEMENTATIONS = YES;
				CLANG_WARN_DIRECT_OBJC_ISA_USAGE = YES_ERROR;
				CLANG_WARN_DOCUMENTATION_COMMENTS = YES;
				CLANG_WARN_EMPTY_BODY = YES;
				CLANG_WARN_ENUM_CONVERSION = YES;
				CLANG_WARN_INFINITE_RECURSION = YES;
				CLANG_WARN_INT_CONVERSION = YES;
				CLANG_WARN_NON_LITERAL_NULL_CONVERSION = YES;
				CLANG_WARN_OBJC_IMPLICIT_RETAIN_SELF = YES;
				CLANG_WARN_OBJC_LITERAL_CONVERSION = YES;
				CLANG_WARN_OBJC_ROOT_CLASS = YES_ERROR;
				CLANG_WARN_RANGE_LOOP_ANALYSIS = YES;
				CLANG_WARN_STRICT_PROTOTYPES = YES;
				CLANG_WARN_SUSPICIOUS_MOVE = YES;
				CLANG_WARN_UNGUARDED_AVAILABILITY = YES_AGGRESSIVE;
				CLANG_WARN_UNREACHABLE_CODE = YES;
				CLANG_WARN__DUPLICATE_METHOD_MATCH = YES;
				CODE_SIGN_IDENTITY = "Mac Developer";
				COPY_PHASE_STRIP = NO;
				CURRENT_PROJECT_VERSION = 1;
				DEBUG_INFORMATION_FORMAT = dwarf;
				ENABLE_STRICT_OBJC_MSGSEND = YES;
				ENABLE_TESTABILITY = YES;
				GCC_C_LANGUAGE_STANDARD = gnu11;
				GCC_DYNAMIC_NO_PIC = NO;
				GCC_NO_COMMON_BLOCKS = YES;
				GCC_OPTIMIZATION_LEVEL = 0;
				GCC_PREPROCESSOR_DEFINITIONS = (
					"DEBUG=1",
					"$(inherited)",
				);
				GCC_WARN_64_TO_32_BIT_CONVERSION = YES;
				GCC_WARN_ABOUT_RETURN_TYPE = YES_ERROR;
				GCC_WARN_UNDECLARED_SELECTOR = YES;
				GCC_WARN_UNINITIALIZED_AUTOS = YES_AGGRESSIVE;
				GCC_WARN_UNUSED_FUNCTION = YES;
				GCC_WARN_UNUSED_VARIABLE = YES;
				MACOSX_DEPLOYMENT_TARGET = 10.14;
				MTL_ENABLE_DEBUG_INFO = INCLUDE_SOURCE;
				MTL_FAST_MATH = YES;
				ONLY_ACTIVE_ARCH = YES;
				SDKROOT = macosx;
				SWIFT_ACTIVE_COMPILATION_CONDITIONS = DEBUG;
				SWIFT_OPTIMIZATION_LEVEL = "-Onone";
				VERSIONING_SYSTEM = "apple-generic";
				VERSION_INFO_PREFIX = "";
			};
			name = Debug;
		};
		495DA0372249B01A00601C80 /* Release */ = {
			isa = XCBuildConfiguration;
			buildSettings = {
				ALWAYS_SEARCH_USER_PATHS = NO;
				CLANG_ANALYZER_NONNULL = YES;
				CLANG_ANALYZER_NUMBER_OBJECT_CONVERSION = YES_AGGRESSIVE;
				CLANG_CXX_LANGUAGE_STANDARD = "gnu++14";
				CLANG_CXX_LIBRARY = "libc++";
				CLANG_ENABLE_MODULES = YES;
				CLANG_ENABLE_OBJC_ARC = YES;
				CLANG_ENABLE_OBJC_WEAK = YES;
				CLANG_WARN_BLOCK_CAPTURE_AUTORELEASING = YES;
				CLANG_WARN_BOOL_CONVERSION = YES;
				CLANG_WARN_COMMA = YES;
				CLANG_WARN_CONSTANT_CONVERSION = YES;
				CLANG_WARN_DEPRECATED_OBJC_IMPLEMENTATIONS = YES;
				CLANG_WARN_DIRECT_OBJC_ISA_USAGE = YES_ERROR;
				CLANG_WARN_DOCUMENTATION_COMMENTS = YES;
				CLANG_WARN_EMPTY_BODY = YES;
				CLANG_WARN_ENUM_CONVERSION = YES;
				CLANG_WARN_INFINITE_RECURSION = YES;
				CLANG_WARN_INT_CONVERSION = YES;
				CLANG_WARN_NON_LITERAL_NULL_CONVERSION = YES;
				CLANG_WARN_OBJC_IMPLICIT_RETAIN_SELF = YES;
				CLANG_WARN_OBJC_LITERAL_CONVERSION = YES;
				CLANG_WARN_OBJC_ROOT_CLASS = YES_ERROR;
				CLANG_WARN_RANGE_LOOP_ANALYSIS = YES;
				CLANG_WARN_STRICT_PROTOTYPES = YES;
				CLANG_WARN_SUSPICIOUS_MOVE = YES;
				CLANG_WARN_UNGUARDED_AVAILABILITY = YES_AGGRESSIVE;
				CLANG_WARN_UNREACHABLE_CODE = YES;
				CLANG_WARN__DUPLICATE_METHOD_MATCH = YES;
				CODE_SIGN_IDENTITY = "Mac Developer";
				COPY_PHASE_STRIP = NO;
				CURRENT_PROJECT_VERSION = 1;
				DEBUG_INFORMATION_FORMAT = "dwarf-with-dsym";
				ENABLE_NS_ASSERTIONS = NO;
				ENABLE_STRICT_OBJC_MSGSEND = YES;
				GCC_C_LANGUAGE_STANDARD = gnu11;
				GCC_NO_COMMON_BLOCKS = YES;
				GCC_WARN_64_TO_32_BIT_CONVERSION = YES;
				GCC_WARN_ABOUT_RETURN_TYPE = YES_ERROR;
				GCC_WARN_UNDECLARED_SELECTOR = YES;
				GCC_WARN_UNINITIALIZED_AUTOS = YES_AGGRESSIVE;
				GCC_WARN_UNUSED_FUNCTION = YES;
				GCC_WARN_UNUSED_VARIABLE = YES;
				MACOSX_DEPLOYMENT_TARGET = 10.14;
				MTL_ENABLE_DEBUG_INFO = NO;
				MTL_FAST_MATH = YES;
				SDKROOT = macosx;
				SWIFT_COMPILATION_MODE = wholemodule;
				SWIFT_OPTIMIZATION_LEVEL = "-O";
				VERSIONING_SYSTEM = "apple-generic";
				VERSION_INFO_PREFIX = "";
			};
			name = Release;
		};
		495DA0392249B01A00601C80 /* Debug */ = {
			isa = XCBuildConfiguration;
			buildSettings = {
				CLANG_ENABLE_MODULES = YES;
				CODE_SIGN_IDENTITY = "";
				CODE_SIGN_STYLE = Automatic;
				COMBINE_HIDPI_IMAGES = YES;
				DEFINES_MODULE = YES;
				DEVELOPMENT_TEAM = UBF8T346G9;
				DYLIB_COMPATIBILITY_VERSION = 1;
				DYLIB_CURRENT_VERSION = 1;
				DYLIB_INSTALL_NAME_BASE = "@rpath";
				FRAMEWORK_SEARCH_PATHS = (
					"$(inherited)",
					"$(PROJECT_DIR)/Frameworks",
				);
				FRAMEWORK_VERSION = A;
				INFOPLIST_FILE = PUKit/Info.plist;
				INSTALL_PATH = "$(LOCAL_LIBRARY_DIR)/Frameworks";
				LD_RUNPATH_SEARCH_PATHS = (
					"$(inherited)",
					"@executable_path/../Frameworks",
					"@loader_path/Frameworks",
				);
				PRODUCT_BUNDLE_IDENTIFIER = hz.labs.PUKit;
				PRODUCT_NAME = "$(TARGET_NAME:c99extidentifier)";
				SKIP_INSTALL = YES;
				SWIFT_OPTIMIZATION_LEVEL = "-Onone";
				SWIFT_VERSION = 4.2;
			};
			name = Debug;
		};
		495DA03A2249B01A00601C80 /* Release */ = {
			isa = XCBuildConfiguration;
			buildSettings = {
				CLANG_ENABLE_MODULES = YES;
				CODE_SIGN_IDENTITY = "";
				CODE_SIGN_STYLE = Automatic;
				COMBINE_HIDPI_IMAGES = YES;
				DEFINES_MODULE = YES;
				DEVELOPMENT_TEAM = UBF8T346G9;
				DYLIB_COMPATIBILITY_VERSION = 1;
				DYLIB_CURRENT_VERSION = 1;
				DYLIB_INSTALL_NAME_BASE = "@rpath";
				FRAMEWORK_SEARCH_PATHS = (
					"$(inherited)",
					"$(PROJECT_DIR)/Frameworks",
				);
				FRAMEWORK_VERSION = A;
				INFOPLIST_FILE = PUKit/Info.plist;
				INSTALL_PATH = "$(LOCAL_LIBRARY_DIR)/Frameworks";
				LD_RUNPATH_SEARCH_PATHS = (
					"$(inherited)",
					"@executable_path/../Frameworks",
					"@loader_path/Frameworks",
				);
				PRODUCT_BUNDLE_IDENTIFIER = hz.labs.PUKit;
				PRODUCT_NAME = "$(TARGET_NAME:c99extidentifier)";
				SKIP_INSTALL = YES;
				SWIFT_VERSION = 4.2;
			};
			name = Release;
		};
		495DA03C2249B01A00601C80 /* Debug */ = {
			isa = XCBuildConfiguration;
			buildSettings = {
				ALWAYS_EMBED_SWIFT_STANDARD_LIBRARIES = YES;
				CODE_SIGN_STYLE = Automatic;
				COMBINE_HIDPI_IMAGES = YES;
				DEVELOPMENT_TEAM = UBF8T346G9;
				INFOPLIST_FILE = PUKitTests/Info.plist;
				LD_RUNPATH_SEARCH_PATHS = (
					"$(inherited)",
					"@executable_path/../Frameworks",
					"@loader_path/../Frameworks",
				);
				PRODUCT_BUNDLE_IDENTIFIER = hz.labs.PUKitTests;
				PRODUCT_NAME = "$(TARGET_NAME)";
				SWIFT_VERSION = 4.2;
			};
			name = Debug;
		};
		495DA03D2249B01A00601C80 /* Release */ = {
			isa = XCBuildConfiguration;
			buildSettings = {
				ALWAYS_EMBED_SWIFT_STANDARD_LIBRARIES = YES;
				CODE_SIGN_STYLE = Automatic;
				COMBINE_HIDPI_IMAGES = YES;
				DEVELOPMENT_TEAM = UBF8T346G9;
				INFOPLIST_FILE = PUKitTests/Info.plist;
				LD_RUNPATH_SEARCH_PATHS = (
					"$(inherited)",
					"@executable_path/../Frameworks",
					"@loader_path/../Frameworks",
				);
				PRODUCT_BUNDLE_IDENTIFIER = hz.labs.PUKitTests;
				PRODUCT_NAME = "$(TARGET_NAME)";
				SWIFT_VERSION = 4.2;
			};
			name = Release;
		};
		495DA0642249B05600601C80 /* Debug */ = {
			isa = XCBuildConfiguration;
			buildSettings = {
				ALWAYS_EMBED_SWIFT_STANDARD_LIBRARIES = YES;
				ASSETCATALOG_COMPILER_APPICON_NAME = AppIcon;
				CODE_SIGN_ENTITLEMENTS = PUKDemo/PUKDemo.entitlements;
				CODE_SIGN_STYLE = Automatic;
				COMBINE_HIDPI_IMAGES = YES;
				DEVELOPMENT_TEAM = UBF8T346G9;
				FRAMEWORK_SEARCH_PATHS = (
					"$(inherited)",
					"$(PROJECT_DIR)/Frameworks",
				);
				INFOPLIST_FILE = PUKDemo/Info.plist;
				LD_RUNPATH_SEARCH_PATHS = (
					"$(inherited)",
					"@executable_path/../Frameworks",
				);
				PRODUCT_BUNDLE_IDENTIFIER = hz.labs.PUKDemo;
				PRODUCT_NAME = "$(TARGET_NAME)";
				SWIFT_VERSION = 4.2;
			};
			name = Debug;
		};
		495DA0652249B05600601C80 /* Release */ = {
			isa = XCBuildConfiguration;
			buildSettings = {
				ALWAYS_EMBED_SWIFT_STANDARD_LIBRARIES = YES;
				ASSETCATALOG_COMPILER_APPICON_NAME = AppIcon;
				CODE_SIGN_ENTITLEMENTS = PUKDemo/PUKDemo.entitlements;
				CODE_SIGN_STYLE = Automatic;
				COMBINE_HIDPI_IMAGES = YES;
				DEVELOPMENT_TEAM = UBF8T346G9;
				FRAMEWORK_SEARCH_PATHS = (
					"$(inherited)",
					"$(PROJECT_DIR)/Frameworks",
				);
				INFOPLIST_FILE = PUKDemo/Info.plist;
				LD_RUNPATH_SEARCH_PATHS = (
					"$(inherited)",
					"@executable_path/../Frameworks",
				);
				PRODUCT_BUNDLE_IDENTIFIER = hz.labs.PUKDemo;
				PRODUCT_NAME = "$(TARGET_NAME)";
				SWIFT_VERSION = 4.2;
			};
			name = Release;
		};
		495DA0672249B05600601C80 /* Debug */ = {
			isa = XCBuildConfiguration;
			buildSettings = {
				ALWAYS_EMBED_SWIFT_STANDARD_LIBRARIES = YES;
				BUNDLE_LOADER = "$(TEST_HOST)";
				CODE_SIGN_STYLE = Automatic;
				COMBINE_HIDPI_IMAGES = YES;
				DEVELOPMENT_TEAM = UBF8T346G9;
				INFOPLIST_FILE = PUKDemoTests/Info.plist;
				LD_RUNPATH_SEARCH_PATHS = (
					"$(inherited)",
					"@executable_path/../Frameworks",
					"@loader_path/../Frameworks",
				);
				PRODUCT_BUNDLE_IDENTIFIER = hz.labs.PUKDemoTests;
				PRODUCT_NAME = "$(TARGET_NAME)";
				SWIFT_VERSION = 4.2;
				TEST_HOST = "$(BUILT_PRODUCTS_DIR)/PUKDemo.app/Contents/MacOS/PUKDemo";
			};
			name = Debug;
		};
		495DA0682249B05600601C80 /* Release */ = {
			isa = XCBuildConfiguration;
			buildSettings = {
				ALWAYS_EMBED_SWIFT_STANDARD_LIBRARIES = YES;
				BUNDLE_LOADER = "$(TEST_HOST)";
				CODE_SIGN_STYLE = Automatic;
				COMBINE_HIDPI_IMAGES = YES;
				DEVELOPMENT_TEAM = UBF8T346G9;
				INFOPLIST_FILE = PUKDemoTests/Info.plist;
				LD_RUNPATH_SEARCH_PATHS = (
					"$(inherited)",
					"@executable_path/../Frameworks",
					"@loader_path/../Frameworks",
				);
				PRODUCT_BUNDLE_IDENTIFIER = hz.labs.PUKDemoTests;
				PRODUCT_NAME = "$(TARGET_NAME)";
				SWIFT_VERSION = 4.2;
				TEST_HOST = "$(BUILT_PRODUCTS_DIR)/PUKDemo.app/Contents/MacOS/PUKDemo";
			};
			name = Release;
		};
		495DA06A2249B05600601C80 /* Debug */ = {
			isa = XCBuildConfiguration;
			buildSettings = {
				ALWAYS_EMBED_SWIFT_STANDARD_LIBRARIES = YES;
				CODE_SIGN_STYLE = Automatic;
				COMBINE_HIDPI_IMAGES = YES;
				DEVELOPMENT_TEAM = UBF8T346G9;
				INFOPLIST_FILE = PUKDemoUITests/Info.plist;
				LD_RUNPATH_SEARCH_PATHS = (
					"$(inherited)",
					"@executable_path/../Frameworks",
					"@loader_path/../Frameworks",
				);
				PRODUCT_BUNDLE_IDENTIFIER = hz.labs.PUKDemoUITests;
				PRODUCT_NAME = "$(TARGET_NAME)";
				SWIFT_VERSION = 4.2;
				TEST_TARGET_NAME = PUKDemo;
			};
			name = Debug;
		};
		495DA06B2249B05600601C80 /* Release */ = {
			isa = XCBuildConfiguration;
			buildSettings = {
				ALWAYS_EMBED_SWIFT_STANDARD_LIBRARIES = YES;
				CODE_SIGN_STYLE = Automatic;
				COMBINE_HIDPI_IMAGES = YES;
				DEVELOPMENT_TEAM = UBF8T346G9;
				INFOPLIST_FILE = PUKDemoUITests/Info.plist;
				LD_RUNPATH_SEARCH_PATHS = (
					"$(inherited)",
					"@executable_path/../Frameworks",
					"@loader_path/../Frameworks",
				);
				PRODUCT_BUNDLE_IDENTIFIER = hz.labs.PUKDemoUITests;
				PRODUCT_NAME = "$(TARGET_NAME)";
				SWIFT_VERSION = 4.2;
				TEST_TARGET_NAME = PUKDemo;
			};
			name = Release;
		};
		495DA08B2249B1DB00601C80 /* Debug */ = {
			isa = XCBuildConfiguration;
			buildSettings = {
				CLANG_ENABLE_MODULES = YES;
				CODE_SIGN_IDENTITY = "";
				CODE_SIGN_STYLE = Automatic;
				COMBINE_HIDPI_IMAGES = YES;
				DEFINES_MODULE = YES;
				DEVELOPMENT_TEAM = UBF8T346G9;
				DYLIB_COMPATIBILITY_VERSION = 1;
				DYLIB_CURRENT_VERSION = 1;
				DYLIB_INSTALL_NAME_BASE = "@rpath";
				FRAMEWORK_SEARCH_PATHS = (
					"$(inherited)",
					"$(PROJECT_DIR)/Frameworks",
				);
				FRAMEWORK_VERSION = A;
				INFOPLIST_FILE = DemoUIProtocols/Info.plist;
				INSTALL_PATH = "$(LOCAL_LIBRARY_DIR)/Frameworks";
				LD_RUNPATH_SEARCH_PATHS = (
					"$(inherited)",
					"@executable_path/../Frameworks",
					"@loader_path/Frameworks",
				);
				PRODUCT_BUNDLE_IDENTIFIER = hz.labs.DemoUIProtocols;
				PRODUCT_NAME = "$(TARGET_NAME:c99extidentifier)";
				SKIP_INSTALL = YES;
				SWIFT_OPTIMIZATION_LEVEL = "-Onone";
				SWIFT_VERSION = 4.2;
			};
			name = Debug;
		};
		495DA08C2249B1DB00601C80 /* Release */ = {
			isa = XCBuildConfiguration;
			buildSettings = {
				CLANG_ENABLE_MODULES = YES;
				CODE_SIGN_IDENTITY = "";
				CODE_SIGN_STYLE = Automatic;
				COMBINE_HIDPI_IMAGES = YES;
				DEFINES_MODULE = YES;
				DEVELOPMENT_TEAM = UBF8T346G9;
				DYLIB_COMPATIBILITY_VERSION = 1;
				DYLIB_CURRENT_VERSION = 1;
				DYLIB_INSTALL_NAME_BASE = "@rpath";
				FRAMEWORK_SEARCH_PATHS = (
					"$(inherited)",
					"$(PROJECT_DIR)/Frameworks",
				);
				FRAMEWORK_VERSION = A;
				INFOPLIST_FILE = DemoUIProtocols/Info.plist;
				INSTALL_PATH = "$(LOCAL_LIBRARY_DIR)/Frameworks";
				LD_RUNPATH_SEARCH_PATHS = (
					"$(inherited)",
					"@executable_path/../Frameworks",
					"@loader_path/Frameworks",
				);
				PRODUCT_BUNDLE_IDENTIFIER = hz.labs.DemoUIProtocols;
				PRODUCT_NAME = "$(TARGET_NAME:c99extidentifier)";
				SKIP_INSTALL = YES;
				SWIFT_VERSION = 4.2;
			};
			name = Release;
		};
		495DA08F2249B1DB00601C80 /* Debug */ = {
			isa = XCBuildConfiguration;
			buildSettings = {
				ALWAYS_EMBED_SWIFT_STANDARD_LIBRARIES = YES;
				CODE_SIGN_STYLE = Automatic;
				COMBINE_HIDPI_IMAGES = YES;
				DEVELOPMENT_TEAM = UBF8T346G9;
				INFOPLIST_FILE = DemoUIProtocolsTests/Info.plist;
				LD_RUNPATH_SEARCH_PATHS = (
					"$(inherited)",
					"@executable_path/../Frameworks",
					"@loader_path/../Frameworks",
				);
				PRODUCT_BUNDLE_IDENTIFIER = hz.labs.DemoUIProtocolsTests;
				PRODUCT_NAME = "$(TARGET_NAME)";
				SWIFT_VERSION = 4.2;
				TEST_HOST = "$(BUILT_PRODUCTS_DIR)/PUKDemo.app/Contents/MacOS/PUKDemo";
			};
			name = Debug;
		};
		495DA0902249B1DB00601C80 /* Release */ = {
			isa = XCBuildConfiguration;
			buildSettings = {
				ALWAYS_EMBED_SWIFT_STANDARD_LIBRARIES = YES;
				CODE_SIGN_STYLE = Automatic;
				COMBINE_HIDPI_IMAGES = YES;
				DEVELOPMENT_TEAM = UBF8T346G9;
				INFOPLIST_FILE = DemoUIProtocolsTests/Info.plist;
				LD_RUNPATH_SEARCH_PATHS = (
					"$(inherited)",
					"@executable_path/../Frameworks",
					"@loader_path/../Frameworks",
				);
				PRODUCT_BUNDLE_IDENTIFIER = hz.labs.DemoUIProtocolsTests;
				PRODUCT_NAME = "$(TARGET_NAME)";
				SWIFT_VERSION = 4.2;
				TEST_HOST = "$(BUILT_PRODUCTS_DIR)/PUKDemo.app/Contents/MacOS/PUKDemo";
			};
			name = Release;
		};
		49763FD3224AD06600BDF85A /* Debug */ = {
			isa = XCBuildConfiguration;
			buildSettings = {
				CODE_SIGN_IDENTITY = "";
				CODE_SIGN_STYLE = Automatic;
				COMBINE_HIDPI_IMAGES = YES;
				DEFINES_MODULE = YES;
				DEVELOPMENT_TEAM = UBF8T346G9;
				DYLIB_COMPATIBILITY_VERSION = 1;
				DYLIB_CURRENT_VERSION = 1;
				DYLIB_INSTALL_NAME_BASE = "@rpath";
				FRAMEWORK_VERSION = A;
				INFOPLIST_FILE = DemoUIImpl/Info.plist;
				INSTALL_PATH = "$(LOCAL_LIBRARY_DIR)/Frameworks";
				LD_RUNPATH_SEARCH_PATHS = (
					"$(inherited)",
					"@executable_path/../Frameworks",
					"@loader_path/Frameworks",
				);
				PRODUCT_BUNDLE_IDENTIFIER = hz.labs.DemoUIImpl;
				PRODUCT_NAME = "$(TARGET_NAME:c99extidentifier)";
				SKIP_INSTALL = YES;
				SWIFT_VERSION = 4.2;
			};
			name = Debug;
		};
		49763FD4224AD06600BDF85A /* Release */ = {
			isa = XCBuildConfiguration;
			buildSettings = {
				CODE_SIGN_IDENTITY = "";
				CODE_SIGN_STYLE = Automatic;
				COMBINE_HIDPI_IMAGES = YES;
				DEFINES_MODULE = YES;
				DEVELOPMENT_TEAM = UBF8T346G9;
				DYLIB_COMPATIBILITY_VERSION = 1;
				DYLIB_CURRENT_VERSION = 1;
				DYLIB_INSTALL_NAME_BASE = "@rpath";
				FRAMEWORK_VERSION = A;
				INFOPLIST_FILE = DemoUIImpl/Info.plist;
				INSTALL_PATH = "$(LOCAL_LIBRARY_DIR)/Frameworks";
				LD_RUNPATH_SEARCH_PATHS = (
					"$(inherited)",
					"@executable_path/../Frameworks",
					"@loader_path/Frameworks",
				);
				PRODUCT_BUNDLE_IDENTIFIER = hz.labs.DemoUIImpl;
				PRODUCT_NAME = "$(TARGET_NAME:c99extidentifier)";
				SKIP_INSTALL = YES;
				SWIFT_VERSION = 4.2;
			};
			name = Release;
		};
		49763FD5224AD06600BDF85A /* Debug */ = {
			isa = XCBuildConfiguration;
			buildSettings = {
				ALWAYS_EMBED_SWIFT_STANDARD_LIBRARIES = YES;
				CODE_SIGN_STYLE = Automatic;
				COMBINE_HIDPI_IMAGES = YES;
				DEVELOPMENT_TEAM = UBF8T346G9;
				INFOPLIST_FILE = DemoUIImplTests/Info.plist;
				LD_RUNPATH_SEARCH_PATHS = (
					"$(inherited)",
					"@executable_path/../Frameworks",
					"@loader_path/../Frameworks",
				);
				PRODUCT_BUNDLE_IDENTIFIER = hz.labs.DemoUIImplTests;
				PRODUCT_NAME = "$(TARGET_NAME)";
				SWIFT_VERSION = 4.2;
				TEST_HOST = "$(BUILT_PRODUCTS_DIR)/PUKDemo.app/Contents/MacOS/PUKDemo";
			};
			name = Debug;
		};
		49763FD6224AD06600BDF85A /* Release */ = {
			isa = XCBuildConfiguration;
			buildSettings = {
				ALWAYS_EMBED_SWIFT_STANDARD_LIBRARIES = YES;
				CODE_SIGN_STYLE = Automatic;
				COMBINE_HIDPI_IMAGES = YES;
				DEVELOPMENT_TEAM = UBF8T346G9;
				INFOPLIST_FILE = DemoUIImplTests/Info.plist;
				LD_RUNPATH_SEARCH_PATHS = (
					"$(inherited)",
					"@executable_path/../Frameworks",
					"@loader_path/../Frameworks",
				);
				PRODUCT_BUNDLE_IDENTIFIER = hz.labs.DemoUIImplTests;
				PRODUCT_NAME = "$(TARGET_NAME)";
				SWIFT_VERSION = 4.2;
				TEST_HOST = "$(BUILT_PRODUCTS_DIR)/PUKDemo.app/Contents/MacOS/PUKDemo";
			};
			name = Release;
		};
		49CC175E224BE7C600FF6540 /* Debug */ = {
			isa = XCBuildConfiguration;
			buildSettings = {
				ALWAYS_EMBED_SWIFT_STANDARD_LIBRARIES = YES;
				CLANG_ENABLE_MODULES = YES;
				CODE_SIGN_IDENTITY = "";
				CODE_SIGN_STYLE = Automatic;
				COMBINE_HIDPI_IMAGES = YES;
				DEFINES_MODULE = YES;
				DEVELOPMENT_TEAM = UBF8T346G9;
				DYLIB_COMPATIBILITY_VERSION = 1;
				DYLIB_CURRENT_VERSION = 1;
				DYLIB_INSTALL_NAME_BASE = "@rpath";
				FRAMEWORK_VERSION = A;
				INFOPLIST_FILE = DemoCoreImpl/Info.plist;
				INSTALL_PATH = "$(LOCAL_LIBRARY_DIR)/Frameworks";
				LD_RUNPATH_SEARCH_PATHS = (
					"$(inherited)",
					"@executable_path/../Frameworks",
					"@loader_path/Frameworks",
				);
				PRODUCT_BUNDLE_IDENTIFIER = hz.labs.DemoCoreImpl;
				PRODUCT_NAME = "$(TARGET_NAME:c99extidentifier)";
				SKIP_INSTALL = YES;
				SWIFT_OPTIMIZATION_LEVEL = "-Onone";
				SWIFT_VERSION = 4.2;
			};
			name = Debug;
		};
		49CC175F224BE7C600FF6540 /* Release */ = {
			isa = XCBuildConfiguration;
			buildSettings = {
				ALWAYS_EMBED_SWIFT_STANDARD_LIBRARIES = YES;
				CLANG_ENABLE_MODULES = YES;
				CODE_SIGN_IDENTITY = "";
				CODE_SIGN_STYLE = Automatic;
				COMBINE_HIDPI_IMAGES = YES;
				DEFINES_MODULE = YES;
				DEVELOPMENT_TEAM = UBF8T346G9;
				DYLIB_COMPATIBILITY_VERSION = 1;
				DYLIB_CURRENT_VERSION = 1;
				DYLIB_INSTALL_NAME_BASE = "@rpath";
				FRAMEWORK_VERSION = A;
				INFOPLIST_FILE = DemoCoreImpl/Info.plist;
				INSTALL_PATH = "$(LOCAL_LIBRARY_DIR)/Frameworks";
				LD_RUNPATH_SEARCH_PATHS = (
					"$(inherited)",
					"@executable_path/../Frameworks",
					"@loader_path/Frameworks",
				);
				PRODUCT_BUNDLE_IDENTIFIER = hz.labs.DemoCoreImpl;
				PRODUCT_NAME = "$(TARGET_NAME:c99extidentifier)";
				SKIP_INSTALL = YES;
				SWIFT_VERSION = 4.2;
			};
			name = Release;
		};
		49CC1761224BE7C600FF6540 /* Debug */ = {
			isa = XCBuildConfiguration;
			buildSettings = {
				ALWAYS_EMBED_SWIFT_STANDARD_LIBRARIES = YES;
				CODE_SIGN_STYLE = Automatic;
				COMBINE_HIDPI_IMAGES = YES;
				DEVELOPMENT_TEAM = UBF8T346G9;
				INFOPLIST_FILE = DemoCoreImplTests/Info.plist;
				LD_RUNPATH_SEARCH_PATHS = (
					"$(inherited)",
					"@executable_path/../Frameworks",
					"@loader_path/../Frameworks",
				);
				PRODUCT_BUNDLE_IDENTIFIER = hz.labs.DemoCoreImplTests;
				PRODUCT_NAME = "$(TARGET_NAME)";
				SWIFT_VERSION = 4.2;
			};
			name = Debug;
		};
		49CC1762224BE7C600FF6540 /* Release */ = {
			isa = XCBuildConfiguration;
			buildSettings = {
				ALWAYS_EMBED_SWIFT_STANDARD_LIBRARIES = YES;
				CODE_SIGN_STYLE = Automatic;
				COMBINE_HIDPI_IMAGES = YES;
				DEVELOPMENT_TEAM = UBF8T346G9;
				INFOPLIST_FILE = DemoCoreImplTests/Info.plist;
				LD_RUNPATH_SEARCH_PATHS = (
					"$(inherited)",
					"@executable_path/../Frameworks",
					"@loader_path/../Frameworks",
				);
				PRODUCT_BUNDLE_IDENTIFIER = hz.labs.DemoCoreImplTests;
				PRODUCT_NAME = "$(TARGET_NAME)";
				SWIFT_VERSION = 4.2;
			};
			name = Release;
		};
		49CC1782224CA22400FF6540 /* Debug */ = {
			isa = XCBuildConfiguration;
			buildSettings = {
				ALWAYS_EMBED_SWIFT_STANDARD_LIBRARIES = YES;
				CLANG_ENABLE_MODULES = YES;
				CODE_SIGN_IDENTITY = "";
				CODE_SIGN_STYLE = Automatic;
				COMBINE_HIDPI_IMAGES = YES;
				DEFINES_MODULE = YES;
				DEVELOPMENT_TEAM = UBF8T346G9;
				DYLIB_COMPATIBILITY_VERSION = 1;
				DYLIB_CURRENT_VERSION = 1;
				DYLIB_INSTALL_NAME_BASE = "@rpath";
				FRAMEWORK_SEARCH_PATHS = (
					"$(inherited)",
					"$(PROJECT_DIR)/Frameworks",
				);
				FRAMEWORK_VERSION = A;
				INFOPLIST_FILE = DemoReplacementUIImpl/Info.plist;
				INSTALL_PATH = "$(LOCAL_LIBRARY_DIR)/Frameworks";
				LD_RUNPATH_SEARCH_PATHS = (
					"$(inherited)",
					"@executable_path/../Frameworks",
					"@loader_path/Frameworks",
				);
				PRODUCT_BUNDLE_IDENTIFIER = hz.labs.DemoReplacementUIImpl;
				PRODUCT_NAME = "$(TARGET_NAME:c99extidentifier)";
				SKIP_INSTALL = YES;
				SWIFT_OPTIMIZATION_LEVEL = "-Onone";
				SWIFT_VERSION = 4.2;
			};
			name = Debug;
		};
		49CC1783224CA22400FF6540 /* Release */ = {
			isa = XCBuildConfiguration;
			buildSettings = {
				ALWAYS_EMBED_SWIFT_STANDARD_LIBRARIES = YES;
				CLANG_ENABLE_MODULES = YES;
				CODE_SIGN_IDENTITY = "";
				CODE_SIGN_STYLE = Automatic;
				COMBINE_HIDPI_IMAGES = YES;
				DEFINES_MODULE = YES;
				DEVELOPMENT_TEAM = UBF8T346G9;
				DYLIB_COMPATIBILITY_VERSION = 1;
				DYLIB_CURRENT_VERSION = 1;
				DYLIB_INSTALL_NAME_BASE = "@rpath";
				FRAMEWORK_SEARCH_PATHS = (
					"$(inherited)",
					"$(PROJECT_DIR)/Frameworks",
				);
				FRAMEWORK_VERSION = A;
				INFOPLIST_FILE = DemoReplacementUIImpl/Info.plist;
				INSTALL_PATH = "$(LOCAL_LIBRARY_DIR)/Frameworks";
				LD_RUNPATH_SEARCH_PATHS = (
					"$(inherited)",
					"@executable_path/../Frameworks",
					"@loader_path/Frameworks",
				);
				PRODUCT_BUNDLE_IDENTIFIER = hz.labs.DemoReplacementUIImpl;
				PRODUCT_NAME = "$(TARGET_NAME:c99extidentifier)";
				SKIP_INSTALL = YES;
				SWIFT_VERSION = 4.2;
			};
			name = Release;
		};
		49CC1785224CA22400FF6540 /* Debug */ = {
			isa = XCBuildConfiguration;
			buildSettings = {
				ALWAYS_EMBED_SWIFT_STANDARD_LIBRARIES = YES;
				CODE_SIGN_STYLE = Automatic;
				COMBINE_HIDPI_IMAGES = YES;
				DEVELOPMENT_TEAM = UBF8T346G9;
				INFOPLIST_FILE = DemoReplacementUIImplTests/Info.plist;
				LD_RUNPATH_SEARCH_PATHS = (
					"$(inherited)",
					"@executable_path/../Frameworks",
					"@loader_path/../Frameworks",
				);
				PRODUCT_BUNDLE_IDENTIFIER = hz.labs.DemoReplacementUIImplTests;
				PRODUCT_NAME = "$(TARGET_NAME)";
				SWIFT_VERSION = 4.2;
			};
			name = Debug;
		};
		49CC1786224CA22400FF6540 /* Release */ = {
			isa = XCBuildConfiguration;
			buildSettings = {
				ALWAYS_EMBED_SWIFT_STANDARD_LIBRARIES = YES;
				CODE_SIGN_STYLE = Automatic;
				COMBINE_HIDPI_IMAGES = YES;
				DEVELOPMENT_TEAM = UBF8T346G9;
				INFOPLIST_FILE = DemoReplacementUIImplTests/Info.plist;
				LD_RUNPATH_SEARCH_PATHS = (
					"$(inherited)",
					"@executable_path/../Frameworks",
					"@loader_path/../Frameworks",
				);
				PRODUCT_BUNDLE_IDENTIFIER = hz.labs.DemoReplacementUIImplTests;
				PRODUCT_NAME = "$(TARGET_NAME)";
				SWIFT_VERSION = 4.2;
			};
			name = Release;
		};
/* End XCBuildConfiguration section */

/* Begin XCConfigurationList section */
		495DA01E2249B01A00601C80 /* Build configuration list for PBXProject "PUKit" */ = {
			isa = XCConfigurationList;
			buildConfigurations = (
				495DA0362249B01A00601C80 /* Debug */,
				495DA0372249B01A00601C80 /* Release */,
			);
			defaultConfigurationIsVisible = 0;
			defaultConfigurationName = Release;
		};
		495DA0382249B01A00601C80 /* Build configuration list for PBXNativeTarget "PUKit" */ = {
			isa = XCConfigurationList;
			buildConfigurations = (
				495DA0392249B01A00601C80 /* Debug */,
				495DA03A2249B01A00601C80 /* Release */,
			);
			defaultConfigurationIsVisible = 0;
			defaultConfigurationName = Release;
		};
		495DA03B2249B01A00601C80 /* Build configuration list for PBXNativeTarget "PUKitTests" */ = {
			isa = XCConfigurationList;
			buildConfigurations = (
				495DA03C2249B01A00601C80 /* Debug */,
				495DA03D2249B01A00601C80 /* Release */,
			);
			defaultConfigurationIsVisible = 0;
			defaultConfigurationName = Release;
		};
		495DA0632249B05600601C80 /* Build configuration list for PBXNativeTarget "PUKDemo" */ = {
			isa = XCConfigurationList;
			buildConfigurations = (
				495DA0642249B05600601C80 /* Debug */,
				495DA0652249B05600601C80 /* Release */,
			);
			defaultConfigurationIsVisible = 0;
			defaultConfigurationName = Release;
		};
		495DA0662249B05600601C80 /* Build configuration list for PBXNativeTarget "PUKDemoTests" */ = {
			isa = XCConfigurationList;
			buildConfigurations = (
				495DA0672249B05600601C80 /* Debug */,
				495DA0682249B05600601C80 /* Release */,
			);
			defaultConfigurationIsVisible = 0;
			defaultConfigurationName = Release;
		};
		495DA0692249B05600601C80 /* Build configuration list for PBXNativeTarget "PUKDemoUITests" */ = {
			isa = XCConfigurationList;
			buildConfigurations = (
				495DA06A2249B05600601C80 /* Debug */,
				495DA06B2249B05600601C80 /* Release */,
			);
			defaultConfigurationIsVisible = 0;
			defaultConfigurationName = Release;
		};
		495DA08A2249B1DB00601C80 /* Build configuration list for PBXNativeTarget "DemoUIProtocols" */ = {
			isa = XCConfigurationList;
			buildConfigurations = (
				495DA08B2249B1DB00601C80 /* Debug */,
				495DA08C2249B1DB00601C80 /* Release */,
			);
			defaultConfigurationIsVisible = 0;
			defaultConfigurationName = Release;
		};
		495DA08E2249B1DB00601C80 /* Build configuration list for PBXNativeTarget "DemoUIProtocolsTests" */ = {
			isa = XCConfigurationList;
			buildConfigurations = (
				495DA08F2249B1DB00601C80 /* Debug */,
				495DA0902249B1DB00601C80 /* Release */,
			);
			defaultConfigurationIsVisible = 0;
			defaultConfigurationName = Release;
		};
		49763FD7224AD06600BDF85A /* Build configuration list for PBXNativeTarget "DemoUIImpl" */ = {
			isa = XCConfigurationList;
			buildConfigurations = (
				49763FD3224AD06600BDF85A /* Debug */,
				49763FD4224AD06600BDF85A /* Release */,
			);
			defaultConfigurationIsVisible = 0;
			defaultConfigurationName = Release;
		};
		49763FD8224AD06600BDF85A /* Build configuration list for PBXNativeTarget "DemoUIImplTests" */ = {
			isa = XCConfigurationList;
			buildConfigurations = (
				49763FD5224AD06600BDF85A /* Debug */,
				49763FD6224AD06600BDF85A /* Release */,
			);
			defaultConfigurationIsVisible = 0;
			defaultConfigurationName = Release;
		};
		49CC175D224BE7C600FF6540 /* Build configuration list for PBXNativeTarget "DemoCoreImpl" */ = {
			isa = XCConfigurationList;
			buildConfigurations = (
				49CC175E224BE7C600FF6540 /* Debug */,
				49CC175F224BE7C600FF6540 /* Release */,
			);
			defaultConfigurationIsVisible = 0;
			defaultConfigurationName = Release;
		};
		49CC1760224BE7C600FF6540 /* Build configuration list for PBXNativeTarget "DemoCoreImplTests" */ = {
			isa = XCConfigurationList;
			buildConfigurations = (
				49CC1761224BE7C600FF6540 /* Debug */,
				49CC1762224BE7C600FF6540 /* Release */,
			);
			defaultConfigurationIsVisible = 0;
			defaultConfigurationName = Release;
		};
		49CC1781224CA22400FF6540 /* Build configuration list for PBXNativeTarget "DemoReplacementUIImpl" */ = {
			isa = XCConfigurationList;
			buildConfigurations = (
				49CC1782224CA22400FF6540 /* Debug */,
				49CC1783224CA22400FF6540 /* Release */,
			);
			defaultConfigurationIsVisible = 0;
			defaultConfigurationName = Release;
		};
		49CC1784224CA22400FF6540 /* Build configuration list for PBXNativeTarget "DemoReplacementUIImplTests" */ = {
			isa = XCConfigurationList;
			buildConfigurations = (
				49CC1785224CA22400FF6540 /* Debug */,
				49CC1786224CA22400FF6540 /* Release */,
			);
			defaultConfigurationIsVisible = 0;
			defaultConfigurationName = Release;
		};
/* End XCConfigurationList section */
	};
	rootObject = 495DA01B2249B01A00601C80 /* Project object */;
}
